// !$*UTF8*$!
{
	archiveVersion = 1;
	classes = {
	};
	objectVersion = 46;
	objects = {

/* Begin PBXBuildFile section */
		A6AD1EFE1976FBA6006AB781 /* AppDelegate.swift in Sources */ = {isa = PBXBuildFile; fileRef = A6AD1EFD1976FBA6006AB781 /* AppDelegate.swift */; };
		A6AD1F011976FBA6006AB781 /* Performing_Batch_Updates_on_Core_Data.xcdatamodeld in Sources */ = {isa = PBXBuildFile; fileRef = A6AD1EFF1976FBA6006AB781 /* Performing_Batch_Updates_on_Core_Data.xcdatamodeld */; };
		A6AD1F031976FBA6006AB781 /* ViewController.swift in Sources */ = {isa = PBXBuildFile; fileRef = A6AD1F021976FBA6006AB781 /* ViewController.swift */; };
		A6AD1F061976FBA6006AB781 /* Main.storyboard in Resources */ = {isa = PBXBuildFile; fileRef = A6AD1F041976FBA6006AB781 /* Main.storyboard */; };
		A6AD1F081976FBA6006AB781 /* Images.xcassets in Resources */ = {isa = PBXBuildFile; fileRef = A6AD1F071976FBA6006AB781 /* Images.xcassets */; };
		A6AD1F141976FBA6006AB781 /* Performing_Batch_Updates_on_Core_DataTests.swift in Sources */ = {isa = PBXBuildFile; fileRef = A6AD1F131976FBA6006AB781 /* Performing_Batch_Updates_on_Core_DataTests.swift */; };
		A6AD1F1E1976FBD8006AB781 /* Person.swift in Sources */ = {isa = PBXBuildFile; fileRef = A6AD1F1D1976FBD8006AB781 /* Person.swift */; };
/* End PBXBuildFile section */

/* Begin PBXContainerItemProxy section */
		A6AD1F0E1976FBA6006AB781 /* PBXContainerItemProxy */ = {
			isa = PBXContainerItemProxy;
			containerPortal = A6AD1EF01976FBA6006AB781 /* Project object */;
			proxyType = 1;
			remoteGlobalIDString = A6AD1EF71976FBA6006AB781;
			remoteInfo = "Performing Batch Updates on Core Data";
		};
/* End PBXContainerItemProxy section */

/* Begin PBXFileReference section */
		A6AD1EF81976FBA6006AB781 /* Performing Batch Updates on Core Data.app */ = {isa = PBXFileReference; explicitFileType = wrapper.application; includeInIndex = 0; path = "Performing Batch Updates on Core Data.app"; sourceTree = BUILT_PRODUCTS_DIR; };
		A6AD1EFC1976FBA6006AB781 /* Info.plist */ = {isa = PBXFileReference; lastKnownFileType = text.plist.xml; path = Info.plist; sourceTree = "<group>"; };
		A6AD1EFD1976FBA6006AB781 /* AppDelegate.swift */ = {isa = PBXFileReference; lastKnownFileType = sourcecode.swift; path = AppDelegate.swift; sourceTree = "<group>"; };
		A6AD1F001976FBA6006AB781 /* Performing_Batch_Updates_on_Core_Data.xcdatamodel */ = {isa = PBXFileReference; lastKnownFileType = wrapper.xcdatamodel; path = Performing_Batch_Updates_on_Core_Data.xcdatamodel; sourceTree = "<group>"; };
		A6AD1F021976FBA6006AB781 /* ViewController.swift */ = {isa = PBXFileReference; lastKnownFileType = sourcecode.swift; path = ViewController.swift; sourceTree = "<group>"; };
		A6AD1F051976FBA6006AB781 /* Base */ = {isa = PBXFileReference; lastKnownFileType = file.storyboard; name = Base; path = Base.lproj/Main.storyboard; sourceTree = "<group>"; };
		A6AD1F071976FBA6006AB781 /* Images.xcassets */ = {isa = PBXFileReference; lastKnownFileType = folder.assetcatalog; path = Images.xcassets; sourceTree = "<group>"; };
		A6AD1F0D1976FBA6006AB781 /* Performing Batch Updates on Core DataTests.xctest */ = {isa = PBXFileReference; explicitFileType = wrapper.cfbundle; includeInIndex = 0; path = "Performing Batch Updates on Core DataTests.xctest"; sourceTree = BUILT_PRODUCTS_DIR; };
		A6AD1F121976FBA6006AB781 /* Info.plist */ = {isa = PBXFileReference; lastKnownFileType = text.plist.xml; path = Info.plist; sourceTree = "<group>"; };
		A6AD1F131976FBA6006AB781 /* Performing_Batch_Updates_on_Core_DataTests.swift */ = {isa = PBXFileReference; lastKnownFileType = sourcecode.swift; path = Performing_Batch_Updates_on_Core_DataTests.swift; sourceTree = "<group>"; };
		A6AD1F1D1976FBD8006AB781 /* Person.swift */ = {isa = PBXFileReference; fileEncoding = 4; lastKnownFileType = sourcecode.swift; path = Person.swift; sourceTree = "<group>"; };
/* End PBXFileReference section */

/* Begin PBXFrameworksBuildPhase section */
		A6AD1EF51976FBA6006AB781 /* Frameworks */ = {
			isa = PBXFrameworksBuildPhase;
			buildActionMask = 2147483647;
			files = (
			);
			runOnlyForDeploymentPostprocessing = 0;
		};
		A6AD1F0A1976FBA6006AB781 /* Frameworks */ = {
			isa = PBXFrameworksBuildPhase;
			buildActionMask = 2147483647;
			files = (
			);
			runOnlyForDeploymentPostprocessing = 0;
		};
/* End PBXFrameworksBuildPhase section */

/* Begin PBXGroup section */
		A6AD1EEF1976FBA6006AB781 = {
			isa = PBXGroup;
			children = (
				A6AD1EFA1976FBA6006AB781 /* Performing Batch Updates on Core Data */,
				A6AD1F101976FBA6006AB781 /* Performing Batch Updates on Core DataTests */,
				A6AD1EF91976FBA6006AB781 /* Products */,
			);
			sourceTree = "<group>";
		};
		A6AD1EF91976FBA6006AB781 /* Products */ = {
			isa = PBXGroup;
			children = (
				A6AD1EF81976FBA6006AB781 /* Performing Batch Updates on Core Data.app */,
				A6AD1F0D1976FBA6006AB781 /* Performing Batch Updates on Core DataTests.xctest */,
			);
			name = Products;
			sourceTree = "<group>";
		};
		A6AD1EFA1976FBA6006AB781 /* Performing Batch Updates on Core Data */ = {
			isa = PBXGroup;
			children = (
				A6AD1EFD1976FBA6006AB781 /* AppDelegate.swift */,
				A6AD1F021976FBA6006AB781 /* ViewController.swift */,
				A6AD1F041976FBA6006AB781 /* Main.storyboard */,
				A6AD1F071976FBA6006AB781 /* Images.xcassets */,
				A6AD1EFF1976FBA6006AB781 /* Performing_Batch_Updates_on_Core_Data.xcdatamodeld */,
				A6AD1F1D1976FBD8006AB781 /* Person.swift */,
				A6AD1EFB1976FBA6006AB781 /* Supporting Files */,
			);
			path = "Performing Batch Updates on Core Data";
			sourceTree = "<group>";
		};
		A6AD1EFB1976FBA6006AB781 /* Supporting Files */ = {
			isa = PBXGroup;
			children = (
				A6AD1EFC1976FBA6006AB781 /* Info.plist */,
			);
			name = "Supporting Files";
			sourceTree = "<group>";
		};
		A6AD1F101976FBA6006AB781 /* Performing Batch Updates on Core DataTests */ = {
			isa = PBXGroup;
			children = (
				A6AD1F131976FBA6006AB781 /* Performing_Batch_Updates_on_Core_DataTests.swift */,
				A6AD1F111976FBA6006AB781 /* Supporting Files */,
			);
			path = "Performing Batch Updates on Core DataTests";
			sourceTree = "<group>";
		};
		A6AD1F111976FBA6006AB781 /* Supporting Files */ = {
			isa = PBXGroup;
			children = (
				A6AD1F121976FBA6006AB781 /* Info.plist */,
			);
			name = "Supporting Files";
			sourceTree = "<group>";
		};
/* End PBXGroup section */

/* Begin PBXNativeTarget section */
		A6AD1EF71976FBA6006AB781 /* Performing Batch Updates on Core Data */ = {
			isa = PBXNativeTarget;
			buildConfigurationList = A6AD1F171976FBA6006AB781 /* Build configuration list for PBXNativeTarget "Performing Batch Updates on Core Data" */;
			buildPhases = (
				A6AD1EF41976FBA6006AB781 /* Sources */,
				A6AD1EF51976FBA6006AB781 /* Frameworks */,
				A6AD1EF61976FBA6006AB781 /* Resources */,
			);
			buildRules = (
			);
			dependencies = (
			);
			name = "Performing Batch Updates on Core Data";
			productName = "Performing Batch Updates on Core Data";
			productReference = A6AD1EF81976FBA6006AB781 /* Performing Batch Updates on Core Data.app */;
			productType = "com.apple.product-type.application";
		};
		A6AD1F0C1976FBA6006AB781 /* Performing Batch Updates on Core DataTests */ = {
			isa = PBXNativeTarget;
			buildConfigurationList = A6AD1F1A1976FBA6006AB781 /* Build configuration list for PBXNativeTarget "Performing Batch Updates on Core DataTests" */;
			buildPhases = (
				A6AD1F091976FBA6006AB781 /* Sources */,
				A6AD1F0A1976FBA6006AB781 /* Frameworks */,
				A6AD1F0B1976FBA6006AB781 /* Resources */,
			);
			buildRules = (
			);
			dependencies = (
				A6AD1F0F1976FBA6006AB781 /* PBXTargetDependency */,
			);
			name = "Performing Batch Updates on Core DataTests";
			productName = "Performing Batch Updates on Core DataTests";
			productReference = A6AD1F0D1976FBA6006AB781 /* Performing Batch Updates on Core DataTests.xctest */;
			productType = "com.apple.product-type.bundle.unit-test";
		};
/* End PBXNativeTarget section */

/* Begin PBXProject section */
		A6AD1EF01976FBA6006AB781 /* Project object */ = {
			isa = PBXProject;
			attributes = {
				LastUpgradeCheck = 0600;
				ORGANIZATIONNAME = "Pixolity Ltd.";
				TargetAttributes = {
					A6AD1EF71976FBA6006AB781 = {
						CreatedOnToolsVersion = 6.0;
						DevelopmentTeam = F3FU372W5M;
					};
					A6AD1F0C1976FBA6006AB781 = {
						CreatedOnToolsVersion = 6.0;
						TestTargetID = A6AD1EF71976FBA6006AB781;
					};
				};
			};
			buildConfigurationList = A6AD1EF31976FBA6006AB781 /* Build configuration list for PBXProject "Performing Batch Updates on Core Data" */;
			compatibilityVersion = "Xcode 3.2";
			developmentRegion = English;
			hasScannedForEncodings = 0;
			knownRegions = (
				en,
				Base,
			);
			mainGroup = A6AD1EEF1976FBA6006AB781;
			productRefGroup = A6AD1EF91976FBA6006AB781 /* Products */;
			projectDirPath = "";
			projectRoot = "";
			targets = (
				A6AD1EF71976FBA6006AB781 /* Performing Batch Updates on Core Data */,
				A6AD1F0C1976FBA6006AB781 /* Performing Batch Updates on Core DataTests */,
			);
		};
/* End PBXProject section */

/* Begin PBXResourcesBuildPhase section */
		A6AD1EF61976FBA6006AB781 /* Resources */ = {
			isa = PBXResourcesBuildPhase;
			buildActionMask = 2147483647;
			files = (
				A6AD1F061976FBA6006AB781 /* Main.storyboard in Resources */,
				A6AD1F081976FBA6006AB781 /* Images.xcassets in Resources */,
			);
			runOnlyForDeploymentPostprocessing = 0;
		};
		A6AD1F0B1976FBA6006AB781 /* Resources */ = {
			isa = PBXResourcesBuildPhase;
			buildActionMask = 2147483647;
			files = (
			);
			runOnlyForDeploymentPostprocessing = 0;
		};
/* End PBXResourcesBuildPhase section */

/* Begin PBXSourcesBuildPhase section */
		A6AD1EF41976FBA6006AB781 /* Sources */ = {
			isa = PBXSourcesBuildPhase;
			buildActionMask = 2147483647;
			files = (
				A6AD1F031976FBA6006AB781 /* ViewController.swift in Sources */,
				A6AD1F011976FBA6006AB781 /* Performing_Batch_Updates_on_Core_Data.xcdatamodeld in Sources */,
				A6AD1F1E1976FBD8006AB781 /* Person.swift in Sources */,
				A6AD1EFE1976FBA6006AB781 /* AppDelegate.swift in Sources */,
			);
			runOnlyForDeploymentPostprocessing = 0;
		};
		A6AD1F091976FBA6006AB781 /* Sources */ = {
			isa = PBXSourcesBuildPhase;
			buildActionMask = 2147483647;
			files = (
				A6AD1F141976FBA6006AB781 /* Performing_Batch_Updates_on_Core_DataTests.swift in Sources */,
			);
			runOnlyForDeploymentPostprocessing = 0;
		};
/* End PBXSourcesBuildPhase section */

/* Begin PBXTargetDependency section */
		A6AD1F0F1976FBA6006AB781 /* PBXTargetDependency */ = {
			isa = PBXTargetDependency;
			target = A6AD1EF71976FBA6006AB781 /* Performing Batch Updates on Core Data */;
			targetProxy = A6AD1F0E1976FBA6006AB781 /* PBXContainerItemProxy */;
		};
/* End PBXTargetDependency section */

/* Begin PBXVariantGroup section */
		A6AD1F041976FBA6006AB781 /* Main.storyboard */ = {
			isa = PBXVariantGroup;
			children = (
				A6AD1F051976FBA6006AB781 /* Base */,
			);
			name = Main.storyboard;
			sourceTree = "<group>";
		};
/* End PBXVariantGroup section */

/* Begin XCBuildConfiguration section */
		A6AD1F151976FBA6006AB781 /* Debug */ = {
			isa = XCBuildConfiguration;
			buildSettings = {
				ALWAYS_SEARCH_USER_PATHS = NO;
				CLANG_CXX_LANGUAGE_STANDARD = "gnu++0x";
				CLANG_CXX_LIBRARY = "libc++";
				CLANG_ENABLE_MODULES = YES;
				CLANG_ENABLE_OBJC_ARC = YES;
				CLANG_WARN_BOOL_CONVERSION = YES;
				CLANG_WARN_CONSTANT_CONVERSION = YES;
				CLANG_WARN_DIRECT_OBJC_ISA_USAGE = YES_ERROR;
				CLANG_WARN_EMPTY_BODY = YES;
				CLANG_WARN_ENUM_CONVERSION = YES;
				CLANG_WARN_INT_CONVERSION = YES;
				CLANG_WARN_OBJC_ROOT_CLASS = YES_ERROR;
				CLANG_WARN_UNREACHABLE_CODE = YES;
				CLANG_WARN__DUPLICATE_METHOD_MATCH = YES;
				"CODE_SIGN_IDENTITY[sdk=iphoneos*]" = "iPhone Developer";
				COPY_PHASE_STRIP = NO;
				ENABLE_STRICT_OBJC_MSGSEND = YES;
				GCC_C_LANGUAGE_STANDARD = gnu99;
				GCC_DYNAMIC_NO_PIC = NO;
				GCC_OPTIMIZATION_LEVEL = 0;
				GCC_PREPROCESSOR_DEFINITIONS = (
					"DEBUG=1",
					"$(inherited)",
				);
				GCC_SYMBOLS_PRIVATE_EXTERN = NO;
				GCC_WARN_64_TO_32_BIT_CONVERSION = YES;
				GCC_WARN_ABOUT_RETURN_TYPE = YES_ERROR;
				GCC_WARN_UNDECLARED_SELECTOR = YES;
				GCC_WARN_UNINITIALIZED_AUTOS = YES_AGGRESSIVE;
				GCC_WARN_UNUSED_FUNCTION = YES;
				GCC_WARN_UNUSED_VARIABLE = YES;
				IPHONEOS_DEPLOYMENT_TARGET = 8.0;
				MTL_ENABLE_DEBUG_INFO = YES;
				ONLY_ACTIVE_ARCH = YES;
				SDKROOT = iphoneos;
				SWIFT_OPTIMIZATION_LEVEL = "-Onone";
				TARGETED_DEVICE_FAMILY = "1,2";
			};
			name = Debug;
		};
		A6AD1F161976FBA6006AB781 /* Release */ = {
			isa = XCBuildConfiguration;
			buildSettings = {
				ALWAYS_SEARCH_USER_PATHS = NO;
				CLANG_CXX_LANGUAGE_STANDARD = "gnu++0x";
				CLANG_CXX_LIBRARY = "libc++";
				CLANG_ENABLE_MODULES = YES;
				CLANG_ENABLE_OBJC_ARC = YES;
				CLANG_WARN_BOOL_CONVERSION = YES;
				CLANG_WARN_CONSTANT_CONVERSION = YES;
				CLANG_WARN_DIRECT_OBJC_ISA_USAGE = YES_ERROR;
				CLANG_WARN_EMPTY_BODY = YES;
				CLANG_WARN_ENUM_CONVERSION = YES;
				CLANG_WARN_INT_CONVERSION = YES;
				CLANG_WARN_OBJC_ROOT_CLASS = YES_ERROR;
				CLANG_WARN_UNREACHABLE_CODE = YES;
				CLANG_WARN__DUPLICATE_METHOD_MATCH = YES;
				"CODE_SIGN_IDENTITY[sdk=iphoneos*]" = "iPhone Developer";
				COPY_PHASE_STRIP = YES;
				ENABLE_NS_ASSERTIONS = NO;
				ENABLE_STRICT_OBJC_MSGSEND = YES;
				GCC_C_LANGUAGE_STANDARD = gnu99;
				GCC_WARN_64_TO_32_BIT_CONVERSION = YES;
				GCC_WARN_ABOUT_RETURN_TYPE = YES_ERROR;
				GCC_WARN_UNDECLARED_SELECTOR = YES;
				GCC_WARN_UNINITIALIZED_AUTOS = YES_AGGRESSIVE;
				GCC_WARN_UNUSED_FUNCTION = YES;
				GCC_WARN_UNUSED_VARIABLE = YES;
				IPHONEOS_DEPLOYMENT_TARGET = 8.0;
				MTL_ENABLE_DEBUG_INFO = NO;
				SDKROOT = iphoneos;
				TARGETED_DEVICE_FAMILY = "1,2";
				VALIDATE_PRODUCT = YES;
			};
			name = Release;
		};
		A6AD1F181976FBA6006AB781 /* Debug */ = {
			isa = XCBuildConfiguration;
			buildSettings = {
				ASSETCATALOG_COMPILER_APPICON_NAME = AppIcon;
				ASSETCATALOG_COMPILER_LAUNCHIMAGE_NAME = LaunchImage;
				CLANG_ENABLE_MODULES = YES;
				CODE_SIGN_IDENTITY = "iPhone Developer: Vandad Nahavandipoor (J54K6K24Z3)";
				"CODE_SIGN_IDENTITY[sdk=iphoneos*]" = "iPhone Developer: Vandad Nahavandipoor (J54K6K24Z3)";
				INFOPLIST_FILE = "Performing Batch Updates on Core Data/Info.plist";
				LD_RUNPATH_SEARCH_PATHS = "$(inherited) @executable_path/Frameworks";
				PRODUCT_NAME = "$(TARGET_NAME)";
				PROVISIONING_PROFILE = "";
				SWIFT_OPTIMIZATION_LEVEL = "-Onone";
			};
			name = Debug;
		};
		A6AD1F191976FBA6006AB781 /* Release */ = {
			isa = XCBuildConfiguration;
			buildSettings = {
				ASSETCATALOG_COMPILER_APPICON_NAME = AppIcon;
				ASSETCATALOG_COMPILER_LAUNCHIMAGE_NAME = LaunchImage;
				CLANG_ENABLE_MODULES = YES;
				CODE_SIGN_IDENTITY = "iPhone Developer";
				"CODE_SIGN_IDENTITY[sdk=iphoneos*]" = "iPhone Developer";
				INFOPLIST_FILE = "Performing Batch Updates on Core Data/Info.plist";
				LD_RUNPATH_SEARCH_PATHS = "$(inherited) @executable_path/Frameworks";
				PRODUCT_NAME = "$(TARGET_NAME)";
				PROVISIONING_PROFILE = "";
			};
			name = Release;
		};
		A6AD1F1B1976FBA6006AB781 /* Debug */ = {
			isa = XCBuildConfiguration;
			buildSettings = {
				BUNDLE_LOADER = "$(BUILT_PRODUCTS_DIR)/Performing Batch Updates on Core Data.app/Performing Batch Updates on Core Data";
				FRAMEWORK_SEARCH_PATHS = (
					"$(SDKROOT)/Developer/Library/Frameworks",
					"$(inherited)",
				);
				GCC_PREPROCESSOR_DEFINITIONS = (
					"DEBUG=1",
					"$(inherited)",
				);
				INFOPLIST_FILE = "Performing Batch Updates on Core DataTests/Info.plist";
				LD_RUNPATH_SEARCH_PATHS = "$(inherited) @executable_path/Frameworks @loader_path/Frameworks";
				PRODUCT_NAME = "$(TARGET_NAME)";
				TEST_HOST = "$(BUNDLE_LOADER)";
			};
			name = Debug;
		};
		A6AD1F1C1976FBA6006AB781 /* Release */ = {
			isa = XCBuildConfiguration;
			buildSettings = {
				BUNDLE_LOADER = "$(BUILT_PRODUCTS_DIR)/Performing Batch Updates on Core Data.app/Performing Batch Updates on Core Data";
				FRAMEWORK_SEARCH_PATHS = (
					"$(SDKROOT)/Developer/Library/Frameworks",
					"$(inherited)",
				);
				INFOPLIST_FILE = "Performing Batch Updates on Core DataTests/Info.plist";
				LD_RUNPATH_SEARCH_PATHS = "$(inherited) @executable_path/Frameworks @loader_path/Frameworks";
				PRODUCT_NAME = "$(TARGET_NAME)";
				TEST_HOST = "$(BUNDLE_LOADER)";
			};
			name = Release;
		};
/* End XCBuildConfiguration section */

/* Begin XCConfigurationList section */
		A6AD1EF31976FBA6006AB781 /* Build configuration list for PBXProject "Performing Batch Updates on Core Data" */ = {
			isa = XCConfigurationList;
			buildConfigurations = (
				A6AD1F151976FBA6006AB781 /* Debug */,
				A6AD1F161976FBA6006AB781 /* Release */,
			);
			defaultConfigurationIsVisible = 0;
			defaultConfigurationName = Release;
		};
		A6AD1F171976FBA6006AB781 /* Build configuration list for PBXNativeTarget "Performing Batch Updates on Core Data" */ = {
			isa = XCConfigurationList;
			buildConfigurations = (
				A6AD1F181976FBA6006AB781 /* Debug */,
				A6AD1F191976FBA6006AB781 /* Release */,
			);
			defaultConfigurationIsVisible = 0;
			defaultConfigurationName = Release;
		};
		A6AD1F1A1976FBA6006AB781 /* Build configuration list for PBXNativeTarget "Performing Batch Updates on Core DataTests" */ = {
			isa = XCConfigurationList;
			buildConfigurations = (
				A6AD1F1B1976FBA6006AB781 /* Debug */,
				A6AD1F1C1976FBA6006AB781 /* Release */,
			);
			defaultConfigurationIsVisible = 0;
			defaultConfigurationName = Release;
		};
/* End XCConfigurationList section */

/* Begin XCVersionGroup section */
		A6AD1EFF1976FBA6006AB781 /* Performing_Batch_Updates_on_Core_Data.xcdatamodeld */ = {
			isa = XCVersionGroup;
			children = (
				A6AD1F001976FBA6006AB781 /* Performing_Batch_Updates_on_Core_Data.xcdatamodel */,
			);
			currentVersion = A6AD1F001976FBA6006AB781 /* Performing_Batch_Updates_on_Core_Data.xcdatamodel */;
			path = Performing_Batch_Updates_on_Core_Data.xcdatamodeld;
			sourceTree = "<group>";
			versionGroupType = wrapper.xcdatamodel;
		};
/* End XCVersionGroup section */
	};
	rootObject = A6AD1EF01976FBA6006AB781 /* Project object */;
}
