// !$*UTF8*$!
{
	archiveVersion = 1;
	classes = {
	};
	objectVersion = 46;
	objects = {

/* Begin PBXBuildFile section */
		9DA89D4B196ED2A20055691D /* AppDelegate.swift in Sources */ = {isa = PBXBuildFile; fileRef = 9DA89D4A196ED2A20055691D /* AppDelegate.swift */; };
		9DA89D4D196ED2A20055691D /* ViewController.swift in Sources */ = {isa = PBXBuildFile; fileRef = 9DA89D4C196ED2A20055691D /* ViewController.swift */; };
		9DA89D50196ED2A20055691D /* Main.storyboard in Resources */ = {isa = PBXBuildFile; fileRef = 9DA89D4E196ED2A20055691D /* Main.storyboard */; };
		9DA89D52196ED2A20055691D /* Images.xcassets in Resources */ = {isa = PBXBuildFile; fileRef = 9DA89D51196ED2A20055691D /* Images.xcassets */; };
		9DA89D5E196ED2A20055691D /* Detecting_and_Probing_the_CameraTests.swift in Sources */ = {isa = PBXBuildFile; fileRef = 9DA89D5D196ED2A20055691D /* Detecting_and_Probing_the_CameraTests.swift */; };
/* End PBXBuildFile section */

/* Begin PBXContainerItemProxy section */
		9DA89D58196ED2A20055691D /* PBXContainerItemProxy */ = {
			isa = PBXContainerItemProxy;
			containerPortal = 9DA89D3D196ED2A20055691D /* Project object */;
			proxyType = 1;
			remoteGlobalIDString = 9DA89D44196ED2A20055691D;
			remoteInfo = "Detecting and Probing the Camera";
		};
/* End PBXContainerItemProxy section */

/* Begin PBXFileReference section */
		9DA89D45196ED2A20055691D /* Detecting and Probing the Camera.app */ = {isa = PBXFileReference; explicitFileType = wrapper.application; includeInIndex = 0; path = "Detecting and Probing the Camera.app"; sourceTree = BUILT_PRODUCTS_DIR; };
		9DA89D49196ED2A20055691D /* Info.plist */ = {isa = PBXFileReference; lastKnownFileType = text.plist.xml; path = Info.plist; sourceTree = "<group>"; };
		9DA89D4A196ED2A20055691D /* AppDelegate.swift */ = {isa = PBXFileReference; lastKnownFileType = sourcecode.swift; path = AppDelegate.swift; sourceTree = "<group>"; };
		9DA89D4C196ED2A20055691D /* ViewController.swift */ = {isa = PBXFileReference; lastKnownFileType = sourcecode.swift; path = ViewController.swift; sourceTree = "<group>"; };
		9DA89D4F196ED2A20055691D /* Base */ = {isa = PBXFileReference; lastKnownFileType = file.storyboard; name = Base; path = Base.lproj/Main.storyboard; sourceTree = "<group>"; };
		9DA89D51196ED2A20055691D /* Images.xcassets */ = {isa = PBXFileReference; lastKnownFileType = folder.assetcatalog; path = Images.xcassets; sourceTree = "<group>"; };
		9DA89D57196ED2A20055691D /* Detecting and Probing the CameraTests.xctest */ = {isa = PBXFileReference; explicitFileType = wrapper.cfbundle; includeInIndex = 0; path = "Detecting and Probing the CameraTests.xctest"; sourceTree = BUILT_PRODUCTS_DIR; };
		9DA89D5C196ED2A20055691D /* Info.plist */ = {isa = PBXFileReference; lastKnownFileType = text.plist.xml; path = Info.plist; sourceTree = "<group>"; };
		9DA89D5D196ED2A20055691D /* Detecting_and_Probing_the_CameraTests.swift */ = {isa = PBXFileReference; lastKnownFileType = sourcecode.swift; path = Detecting_and_Probing_the_CameraTests.swift; sourceTree = "<group>"; };
/* End PBXFileReference section */

/* Begin PBXFrameworksBuildPhase section */
		9DA89D42196ED2A20055691D /* Frameworks */ = {
			isa = PBXFrameworksBuildPhase;
			buildActionMask = 2147483647;
			files = (
			);
			runOnlyForDeploymentPostprocessing = 0;
		};
		9DA89D54196ED2A20055691D /* Frameworks */ = {
			isa = PBXFrameworksBuildPhase;
			buildActionMask = 2147483647;
			files = (
			);
			runOnlyForDeploymentPostprocessing = 0;
		};
/* End PBXFrameworksBuildPhase section */

/* Begin PBXGroup section */
		9DA89D3C196ED2A20055691D = {
			isa = PBXGroup;
			children = (
				9DA89D47196ED2A20055691D /* Detecting and Probing the Camera */,
				9DA89D5A196ED2A20055691D /* Detecting and Probing the CameraTests */,
				9DA89D46196ED2A20055691D /* Products */,
			);
			sourceTree = "<group>";
		};
		9DA89D46196ED2A20055691D /* Products */ = {
			isa = PBXGroup;
			children = (
				9DA89D45196ED2A20055691D /* Detecting and Probing the Camera.app */,
				9DA89D57196ED2A20055691D /* Detecting and Probing the CameraTests.xctest */,
			);
			name = Products;
			sourceTree = "<group>";
		};
		9DA89D47196ED2A20055691D /* Detecting and Probing the Camera */ = {
			isa = PBXGroup;
			children = (
				9DA89D4A196ED2A20055691D /* AppDelegate.swift */,
				9DA89D4C196ED2A20055691D /* ViewController.swift */,
				9DA89D4E196ED2A20055691D /* Main.storyboard */,
				9DA89D51196ED2A20055691D /* Images.xcassets */,
				9DA89D48196ED2A20055691D /* Supporting Files */,
			);
			path = "Detecting and Probing the Camera";
			sourceTree = "<group>";
		};
		9DA89D48196ED2A20055691D /* Supporting Files */ = {
			isa = PBXGroup;
			children = (
				9DA89D49196ED2A20055691D /* Info.plist */,
			);
			name = "Supporting Files";
			sourceTree = "<group>";
		};
		9DA89D5A196ED2A20055691D /* Detecting and Probing the CameraTests */ = {
			isa = PBXGroup;
			children = (
				9DA89D5D196ED2A20055691D /* Detecting_and_Probing_the_CameraTests.swift */,
				9DA89D5B196ED2A20055691D /* Supporting Files */,
			);
			path = "Detecting and Probing the CameraTests";
			sourceTree = "<group>";
		};
		9DA89D5B196ED2A20055691D /* Supporting Files */ = {
			isa = PBXGroup;
			children = (
				9DA89D5C196ED2A20055691D /* Info.plist */,
			);
			name = "Supporting Files";
			sourceTree = "<group>";
		};
/* End PBXGroup section */

/* Begin PBXNativeTarget section */
		9DA89D44196ED2A20055691D /* Detecting and Probing the Camera */ = {
			isa = PBXNativeTarget;
			buildConfigurationList = 9DA89D61196ED2A20055691D /* Build configuration list for PBXNativeTarget "Detecting and Probing the Camera" */;
			buildPhases = (
				9DA89D41196ED2A20055691D /* Sources */,
				9DA89D42196ED2A20055691D /* Frameworks */,
				9DA89D43196ED2A20055691D /* Resources */,
			);
			buildRules = (
			);
			dependencies = (
			);
			name = "Detecting and Probing the Camera";
			productName = "Detecting and Probing the Camera";
			productReference = 9DA89D45196ED2A20055691D /* Detecting and Probing the Camera.app */;
			productType = "com.apple.product-type.application";
		};
		9DA89D56196ED2A20055691D /* Detecting and Probing the CameraTests */ = {
			isa = PBXNativeTarget;
			buildConfigurationList = 9DA89D64196ED2A20055691D /* Build configuration list for PBXNativeTarget "Detecting and Probing the CameraTests" */;
			buildPhases = (
				9DA89D53196ED2A20055691D /* Sources */,
				9DA89D54196ED2A20055691D /* Frameworks */,
				9DA89D55196ED2A20055691D /* Resources */,
			);
			buildRules = (
			);
			dependencies = (
				9DA89D59196ED2A20055691D /* PBXTargetDependency */,
			);
			name = "Detecting and Probing the CameraTests";
			productName = "Detecting and Probing the CameraTests";
			productReference = 9DA89D57196ED2A20055691D /* Detecting and Probing the CameraTests.xctest */;
			productType = "com.apple.product-type.bundle.unit-test";
		};
/* End PBXNativeTarget section */

/* Begin PBXProject section */
		9DA89D3D196ED2A20055691D /* Project object */ = {
			isa = PBXProject;
			attributes = {
				LastUpgradeCheck = 0600;
				ORGANIZATIONNAME = "Pixolity Ltd.";
				TargetAttributes = {
					9DA89D44196ED2A20055691D = {
						CreatedOnToolsVersion = 6.0;
					};
					9DA89D56196ED2A20055691D = {
						CreatedOnToolsVersion = 6.0;
						TestTargetID = 9DA89D44196ED2A20055691D;
					};
				};
			};
			buildConfigurationList = 9DA89D40196ED2A20055691D /* Build configuration list for PBXProject "Detecting and Probing the Camera" */;
			compatibilityVersion = "Xcode 3.2";
			developmentRegion = English;
			hasScannedForEncodings = 0;
			knownRegions = (
				en,
				Base,
			);
			mainGroup = 9DA89D3C196ED2A20055691D;
			productRefGroup = 9DA89D46196ED2A20055691D /* Products */;
			projectDirPath = "";
			projectRoot = "";
			targets = (
				9DA89D44196ED2A20055691D /* Detecting and Probing the Camera */,
				9DA89D56196ED2A20055691D /* Detecting and Probing the CameraTests */,
			);
		};
/* End PBXProject section */

/* Begin PBXResourcesBuildPhase section */
		9DA89D43196ED2A20055691D /* Resources */ = {
			isa = PBXResourcesBuildPhase;
			buildActionMask = 2147483647;
			files = (
				9DA89D50196ED2A20055691D /* Main.storyboard in Resources */,
				9DA89D52196ED2A20055691D /* Images.xcassets in Resources */,
			);
			runOnlyForDeploymentPostprocessing = 0;
		};
		9DA89D55196ED2A20055691D /* Resources */ = {
			isa = PBXResourcesBuildPhase;
			buildActionMask = 2147483647;
			files = (
			);
			runOnlyForDeploymentPostprocessing = 0;
		};
/* End PBXResourcesBuildPhase section */

/* Begin PBXSourcesBuildPhase section */
		9DA89D41196ED2A20055691D /* Sources */ = {
			isa = PBXSourcesBuildPhase;
			buildActionMask = 2147483647;
			files = (
				9DA89D4D196ED2A20055691D /* ViewController.swift in Sources */,
				9DA89D4B196ED2A20055691D /* AppDelegate.swift in Sources */,
			);
			runOnlyForDeploymentPostprocessing = 0;
		};
		9DA89D53196ED2A20055691D /* Sources */ = {
			isa = PBXSourcesBuildPhase;
			buildActionMask = 2147483647;
			files = (
				9DA89D5E196ED2A20055691D /* Detecting_and_Probing_the_CameraTests.swift in Sources */,
			);
			runOnlyForDeploymentPostprocessing = 0;
		};
/* End PBXSourcesBuildPhase section */

/* Begin PBXTargetDependency section */
		9DA89D59196ED2A20055691D /* PBXTargetDependency */ = {
			isa = PBXTargetDependency;
			target = 9DA89D44196ED2A20055691D /* Detecting and Probing the Camera */;
			targetProxy = 9DA89D58196ED2A20055691D /* PBXContainerItemProxy */;
		};
/* End PBXTargetDependency section */

/* Begin PBXVariantGroup section */
		9DA89D4E196ED2A20055691D /* Main.storyboard */ = {
			isa = PBXVariantGroup;
			children = (
				9DA89D4F196ED2A20055691D /* Base */,
			);
			name = Main.storyboard;
			sourceTree = "<group>";
		};
/* End PBXVariantGroup section */

/* Begin XCBuildConfiguration section */
		9DA89D5F196ED2A20055691D /* Debug */ = {
			isa = XCBuildConfiguration;
			buildSettings = {
				ALWAYS_SEARCH_USER_PATHS = NO;
				CLANG_CXX_LANGUAGE_STANDARD = "gnu++0x";
				CLANG_CXX_LIBRARY = "libc++";
				CLANG_ENABLE_MODULES = YES;
				CLANG_ENABLE_OBJC_ARC = YES;
				CLANG_WARN_BOOL_CONVERSION = YES;
				CLANG_WARN_CONSTANT_CONVERSION = YES;
				CLANG_WARN_DIRECT_OBJC_ISA_USAGE = YES_ERROR;
				CLANG_WARN_EMPTY_BODY = YES;
				CLANG_WARN_ENUM_CONVERSION = YES;
				CLANG_WARN_INT_CONVERSION = YES;
				CLANG_WARN_OBJC_ROOT_CLASS = YES_ERROR;
				CLANG_WARN_UNREACHABLE_CODE = YES;
				CLANG_WARN__DUPLICATE_METHOD_MATCH = YES;
				"CODE_SIGN_IDENTITY[sdk=iphoneos*]" = "iPhone Developer";
				COPY_PHASE_STRIP = NO;
				ENABLE_STRICT_OBJC_MSGSEND = YES;
				GCC_C_LANGUAGE_STANDARD = gnu99;
				GCC_DYNAMIC_NO_PIC = NO;
				GCC_OPTIMIZATION_LEVEL = 0;
				GCC_PREPROCESSOR_DEFINITIONS = (
					"DEBUG=1",
					"$(inherited)",
				);
				GCC_SYMBOLS_PRIVATE_EXTERN = NO;
				GCC_WARN_64_TO_32_BIT_CONVERSION = YES;
				GCC_WARN_ABOUT_RETURN_TYPE = YES_ERROR;
				GCC_WARN_UNDECLARED_SELECTOR = YES;
				GCC_WARN_UNINITIALIZED_AUTOS = YES_AGGRESSIVE;
				GCC_WARN_UNUSED_FUNCTION = YES;
				GCC_WARN_UNUSED_VARIABLE = YES;
				IPHONEOS_DEPLOYMENT_TARGET = 8.0;
				MTL_ENABLE_DEBUG_INFO = YES;
				ONLY_ACTIVE_ARCH = YES;
				SDKROOT = iphoneos;
				SWIFT_OPTIMIZATION_LEVEL = "-Onone";
				TARGETED_DEVICE_FAMILY = "1,2";
			};
			name = Debug;
		};
		9DA89D60196ED2A20055691D /* Release */ = {
			isa = XCBuildConfiguration;
			buildSettings = {
				ALWAYS_SEARCH_USER_PATHS = NO;
				CLANG_CXX_LANGUAGE_STANDARD = "gnu++0x";
				CLANG_CXX_LIBRARY = "libc++";
				CLANG_ENABLE_MODULES = YES;
				CLANG_ENABLE_OBJC_ARC = YES;
				CLANG_WARN_BOOL_CONVERSION = YES;
				CLANG_WARN_CONSTANT_CONVERSION = YES;
				CLANG_WARN_DIRECT_OBJC_ISA_USAGE = YES_ERROR;
				CLANG_WARN_EMPTY_BODY = YES;
				CLANG_WARN_ENUM_CONVERSION = YES;
				CLANG_WARN_INT_CONVERSION = YES;
				CLANG_WARN_OBJC_ROOT_CLASS = YES_ERROR;
				CLANG_WARN_UNREACHABLE_CODE = YES;
				CLANG_WARN__DUPLICATE_METHOD_MATCH = YES;
				"CODE_SIGN_IDENTITY[sdk=iphoneos*]" = "iPhone Developer";
				COPY_PHASE_STRIP = YES;
				ENABLE_NS_ASSERTIONS = NO;
				ENABLE_STRICT_OBJC_MSGSEND = YES;
				GCC_C_LANGUAGE_STANDARD = gnu99;
				GCC_WARN_64_TO_32_BIT_CONVERSION = YES;
				GCC_WARN_ABOUT_RETURN_TYPE = YES_ERROR;
				GCC_WARN_UNDECLARED_SELECTOR = YES;
				GCC_WARN_UNINITIALIZED_AUTOS = YES_AGGRESSIVE;
				GCC_WARN_UNUSED_FUNCTION = YES;
				GCC_WARN_UNUSED_VARIABLE = YES;
				IPHONEOS_DEPLOYMENT_TARGET = 8.0;
				MTL_ENABLE_DEBUG_INFO = NO;
				SDKROOT = iphoneos;
				TARGETED_DEVICE_FAMILY = "1,2";
				VALIDATE_PRODUCT = YES;
			};
			name = Release;
		};
		9DA89D62196ED2A20055691D /* Debug */ = {
			isa = XCBuildConfiguration;
			buildSettings = {
				ASSETCATALOG_COMPILER_APPICON_NAME = AppIcon;
				ASSETCATALOG_COMPILER_LAUNCHIMAGE_NAME = LaunchImage;
				INFOPLIST_FILE = "Detecting and Probing the Camera/Info.plist";
				LD_RUNPATH_SEARCH_PATHS = "$(inherited) @executable_path/Frameworks";
				PRODUCT_NAME = "$(TARGET_NAME)";
			};
			name = Debug;
		};
		9DA89D63196ED2A20055691D /* Release */ = {
			isa = XCBuildConfiguration;
			buildSettings = {
				ASSETCATALOG_COMPILER_APPICON_NAME = AppIcon;
				ASSETCATALOG_COMPILER_LAUNCHIMAGE_NAME = LaunchImage;
				INFOPLIST_FILE = "Detecting and Probing the Camera/Info.plist";
				LD_RUNPATH_SEARCH_PATHS = "$(inherited) @executable_path/Frameworks";
				PRODUCT_NAME = "$(TARGET_NAME)";
			};
			name = Release;
		};
		9DA89D65196ED2A20055691D /* Debug */ = {
			isa = XCBuildConfiguration;
			buildSettings = {
				BUNDLE_LOADER = "$(BUILT_PRODUCTS_DIR)/Detecting and Probing the Camera.app/Detecting and Probing the Camera";
				FRAMEWORK_SEARCH_PATHS = (
					"$(SDKROOT)/Developer/Library/Frameworks",
					"$(inherited)",
				);
				GCC_PREPROCESSOR_DEFINITIONS = (
					"DEBUG=1",
					"$(inherited)",
				);
				INFOPLIST_FILE = "Detecting and Probing the CameraTests/Info.plist";
				LD_RUNPATH_SEARCH_PATHS = "$(inherited) @executable_path/Frameworks @loader_path/Frameworks";
				PRODUCT_NAME = "$(TARGET_NAME)";
				TEST_HOST = "$(BUNDLE_LOADER)";
			};
			name = Debug;
		};
		9DA89D66196ED2A20055691D /* Release */ = {
			isa = XCBuildConfiguration;
			buildSettings = {
				BUNDLE_LOADER = "$(BUILT_PRODUCTS_DIR)/Detecting and Probing the Camera.app/Detecting and Probing the Camera";
				FRAMEWORK_SEARCH_PATHS = (
					"$(SDKROOT)/Developer/Library/Frameworks",
					"$(inherited)",
				);
				INFOPLIST_FILE = "Detecting and Probing the CameraTests/Info.plist";
				LD_RUNPATH_SEARCH_PATHS = "$(inherited) @executable_path/Frameworks @loader_path/Frameworks";
				PRODUCT_NAME = "$(TARGET_NAME)";
				TEST_HOST = "$(BUNDLE_LOADER)";
			};
			name = Release;
		};
/* End XCBuildConfiguration section */

/* Begin XCConfigurationList section */
		9DA89D40196ED2A20055691D /* Build configuration list for PBXProject "Detecting and Probing the Camera" */ = {
			isa = XCConfigurationList;
			buildConfigurations = (
				9DA89D5F196ED2A20055691D /* Debug */,
				9DA89D60196ED2A20055691D /* Release */,
			);
			defaultConfigurationIsVisible = 0;
			defaultConfigurationName = Release;
		};
		9DA89D61196ED2A20055691D /* Build configuration list for PBXNativeTarget "Detecting and Probing the Camera" */ = {
			isa = XCConfigurationList;
			buildConfigurations = (
				9DA89D62196ED2A20055691D /* Debug */,
				9DA89D63196ED2A20055691D /* Release */,
			);
			defaultConfigurationIsVisible = 0;
		};
		9DA89D64196ED2A20055691D /* Build configuration list for PBXNativeTarget "Detecting and Probing the CameraTests" */ = {
			isa = XCConfigurationList;
			buildConfigurations = (
				9DA89D65196ED2A20055691D /* Debug */,
				9DA89D66196ED2A20055691D /* Release */,
			);
			defaultConfigurationIsVisible = 0;
		};
/* End XCConfigurationList section */
	};
	rootObject = 9DA89D3D196ED2A20055691D /* Project object */;
}
