// !$*UTF8*$!
{
	archiveVersion = 1;
	classes = {
	};
	objectVersion = 46;
	objects = {

/* Begin PBXBuildFile section */
		A6C9F922197EC62000A1398C /* AppDelegate.swift in Sources */ = {isa = PBXBuildFile; fileRef = A6C9F921197EC62000A1398C /* AppDelegate.swift */; };
		A6C9F924197EC62000A1398C /* ViewController.swift in Sources */ = {isa = PBXBuildFile; fileRef = A6C9F923197EC62000A1398C /* ViewController.swift */; };
		A6C9F927197EC62000A1398C /* Main.storyboard in Resources */ = {isa = PBXBuildFile; fileRef = A6C9F925197EC62000A1398C /* Main.storyboard */; };
		A6C9F929197EC62000A1398C /* Images.xcassets in Resources */ = {isa = PBXBuildFile; fileRef = A6C9F928197EC62000A1398C /* Images.xcassets */; };
		A6C9F935197EC62000A1398C /* Converting_Between_UnitsTests.swift in Sources */ = {isa = PBXBuildFile; fileRef = A6C9F934197EC62000A1398C /* Converting_Between_UnitsTests.swift */; };
/* End PBXBuildFile section */

/* Begin PBXContainerItemProxy section */
		A6C9F92F197EC62000A1398C /* PBXContainerItemProxy */ = {
			isa = PBXContainerItemProxy;
			containerPortal = A6C9F914197EC62000A1398C /* Project object */;
			proxyType = 1;
			remoteGlobalIDString = A6C9F91B197EC62000A1398C;
			remoteInfo = "Converting Between Units";
		};
/* End PBXContainerItemProxy section */

/* Begin PBXFileReference section */
		A6C9F91C197EC62000A1398C /* Converting Between Units.app */ = {isa = PBXFileReference; explicitFileType = wrapper.application; includeInIndex = 0; path = "Converting Between Units.app"; sourceTree = BUILT_PRODUCTS_DIR; };
		A6C9F920197EC62000A1398C /* Info.plist */ = {isa = PBXFileReference; lastKnownFileType = text.plist.xml; path = Info.plist; sourceTree = "<group>"; };
		A6C9F921197EC62000A1398C /* AppDelegate.swift */ = {isa = PBXFileReference; lastKnownFileType = sourcecode.swift; path = AppDelegate.swift; sourceTree = "<group>"; };
		A6C9F923197EC62000A1398C /* ViewController.swift */ = {isa = PBXFileReference; lastKnownFileType = sourcecode.swift; path = ViewController.swift; sourceTree = "<group>"; };
		A6C9F926197EC62000A1398C /* Base */ = {isa = PBXFileReference; lastKnownFileType = file.storyboard; name = Base; path = Base.lproj/Main.storyboard; sourceTree = "<group>"; };
		A6C9F928197EC62000A1398C /* Images.xcassets */ = {isa = PBXFileReference; lastKnownFileType = folder.assetcatalog; path = Images.xcassets; sourceTree = "<group>"; };
		A6C9F92E197EC62000A1398C /* Converting Between UnitsTests.xctest */ = {isa = PBXFileReference; explicitFileType = wrapper.cfbundle; includeInIndex = 0; path = "Converting Between UnitsTests.xctest"; sourceTree = BUILT_PRODUCTS_DIR; };
		A6C9F933197EC62000A1398C /* Info.plist */ = {isa = PBXFileReference; lastKnownFileType = text.plist.xml; path = Info.plist; sourceTree = "<group>"; };
		A6C9F934197EC62000A1398C /* Converting_Between_UnitsTests.swift */ = {isa = PBXFileReference; lastKnownFileType = sourcecode.swift; path = Converting_Between_UnitsTests.swift; sourceTree = "<group>"; };
/* End PBXFileReference section */

/* Begin PBXFrameworksBuildPhase section */
		A6C9F919197EC62000A1398C /* Frameworks */ = {
			isa = PBXFrameworksBuildPhase;
			buildActionMask = 2147483647;
			files = (
			);
			runOnlyForDeploymentPostprocessing = 0;
		};
		A6C9F92B197EC62000A1398C /* Frameworks */ = {
			isa = PBXFrameworksBuildPhase;
			buildActionMask = 2147483647;
			files = (
			);
			runOnlyForDeploymentPostprocessing = 0;
		};
/* End PBXFrameworksBuildPhase section */

/* Begin PBXGroup section */
		A6C9F913197EC62000A1398C = {
			isa = PBXGroup;
			children = (
				A6C9F91E197EC62000A1398C /* Converting Between Units */,
				A6C9F931197EC62000A1398C /* Converting Between UnitsTests */,
				A6C9F91D197EC62000A1398C /* Products */,
			);
			sourceTree = "<group>";
		};
		A6C9F91D197EC62000A1398C /* Products */ = {
			isa = PBXGroup;
			children = (
				A6C9F91C197EC62000A1398C /* Converting Between Units.app */,
				A6C9F92E197EC62000A1398C /* Converting Between UnitsTests.xctest */,
			);
			name = Products;
			sourceTree = "<group>";
		};
		A6C9F91E197EC62000A1398C /* Converting Between Units */ = {
			isa = PBXGroup;
			children = (
				A6C9F921197EC62000A1398C /* AppDelegate.swift */,
				A6C9F923197EC62000A1398C /* ViewController.swift */,
				A6C9F925197EC62000A1398C /* Main.storyboard */,
				A6C9F928197EC62000A1398C /* Images.xcassets */,
				A6C9F91F197EC62000A1398C /* Supporting Files */,
			);
			path = "Converting Between Units";
			sourceTree = "<group>";
		};
		A6C9F91F197EC62000A1398C /* Supporting Files */ = {
			isa = PBXGroup;
			children = (
				A6C9F920197EC62000A1398C /* Info.plist */,
			);
			name = "Supporting Files";
			sourceTree = "<group>";
		};
		A6C9F931197EC62000A1398C /* Converting Between UnitsTests */ = {
			isa = PBXGroup;
			children = (
				A6C9F934197EC62000A1398C /* Converting_Between_UnitsTests.swift */,
				A6C9F932197EC62000A1398C /* Supporting Files */,
			);
			path = "Converting Between UnitsTests";
			sourceTree = "<group>";
		};
		A6C9F932197EC62000A1398C /* Supporting Files */ = {
			isa = PBXGroup;
			children = (
				A6C9F933197EC62000A1398C /* Info.plist */,
			);
			name = "Supporting Files";
			sourceTree = "<group>";
		};
/* End PBXGroup section */

/* Begin PBXNativeTarget section */
		A6C9F91B197EC62000A1398C /* Converting Between Units */ = {
			isa = PBXNativeTarget;
			buildConfigurationList = A6C9F938197EC62000A1398C /* Build configuration list for PBXNativeTarget "Converting Between Units" */;
			buildPhases = (
				A6C9F918197EC62000A1398C /* Sources */,
				A6C9F919197EC62000A1398C /* Frameworks */,
				A6C9F91A197EC62000A1398C /* Resources */,
			);
			buildRules = (
			);
			dependencies = (
			);
			name = "Converting Between Units";
			productName = "Converting Between Units";
			productReference = A6C9F91C197EC62000A1398C /* Converting Between Units.app */;
			productType = "com.apple.product-type.application";
		};
		A6C9F92D197EC62000A1398C /* Converting Between UnitsTests */ = {
			isa = PBXNativeTarget;
			buildConfigurationList = A6C9F93B197EC62000A1398C /* Build configuration list for PBXNativeTarget "Converting Between UnitsTests" */;
			buildPhases = (
				A6C9F92A197EC62000A1398C /* Sources */,
				A6C9F92B197EC62000A1398C /* Frameworks */,
				A6C9F92C197EC62000A1398C /* Resources */,
			);
			buildRules = (
			);
			dependencies = (
				A6C9F930197EC62000A1398C /* PBXTargetDependency */,
			);
			name = "Converting Between UnitsTests";
			productName = "Converting Between UnitsTests";
			productReference = A6C9F92E197EC62000A1398C /* Converting Between UnitsTests.xctest */;
			productType = "com.apple.product-type.bundle.unit-test";
		};
/* End PBXNativeTarget section */

/* Begin PBXProject section */
		A6C9F914197EC62000A1398C /* Project object */ = {
			isa = PBXProject;
			attributes = {
				LastUpgradeCheck = 0600;
				ORGANIZATIONNAME = "Pixolity Ltd.";
				TargetAttributes = {
					A6C9F91B197EC62000A1398C = {
						CreatedOnToolsVersion = 6.0;
					};
					A6C9F92D197EC62000A1398C = {
						CreatedOnToolsVersion = 6.0;
						TestTargetID = A6C9F91B197EC62000A1398C;
					};
				};
			};
			buildConfigurationList = A6C9F917197EC62000A1398C /* Build configuration list for PBXProject "Converting Between Units" */;
			compatibilityVersion = "Xcode 3.2";
			developmentRegion = English;
			hasScannedForEncodings = 0;
			knownRegions = (
				en,
				Base,
			);
			mainGroup = A6C9F913197EC62000A1398C;
			productRefGroup = A6C9F91D197EC62000A1398C /* Products */;
			projectDirPath = "";
			projectRoot = "";
			targets = (
				A6C9F91B197EC62000A1398C /* Converting Between Units */,
				A6C9F92D197EC62000A1398C /* Converting Between UnitsTests */,
			);
		};
/* End PBXProject section */

/* Begin PBXResourcesBuildPhase section */
		A6C9F91A197EC62000A1398C /* Resources */ = {
			isa = PBXResourcesBuildPhase;
			buildActionMask = 2147483647;
			files = (
				A6C9F927197EC62000A1398C /* Main.storyboard in Resources */,
				A6C9F929197EC62000A1398C /* Images.xcassets in Resources */,
			);
			runOnlyForDeploymentPostprocessing = 0;
		};
		A6C9F92C197EC62000A1398C /* Resources */ = {
			isa = PBXResourcesBuildPhase;
			buildActionMask = 2147483647;
			files = (
			);
			runOnlyForDeploymentPostprocessing = 0;
		};
/* End PBXResourcesBuildPhase section */

/* Begin PBXSourcesBuildPhase section */
		A6C9F918197EC62000A1398C /* Sources */ = {
			isa = PBXSourcesBuildPhase;
			buildActionMask = 2147483647;
			files = (
				A6C9F924197EC62000A1398C /* ViewController.swift in Sources */,
				A6C9F922197EC62000A1398C /* AppDelegate.swift in Sources */,
			);
			runOnlyForDeploymentPostprocessing = 0;
		};
		A6C9F92A197EC62000A1398C /* Sources */ = {
			isa = PBXSourcesBuildPhase;
			buildActionMask = 2147483647;
			files = (
				A6C9F935197EC62000A1398C /* Converting_Between_UnitsTests.swift in Sources */,
			);
			runOnlyForDeploymentPostprocessing = 0;
		};
/* End PBXSourcesBuildPhase section */

/* Begin PBXTargetDependency section */
		A6C9F930197EC62000A1398C /* PBXTargetDependency */ = {
			isa = PBXTargetDependency;
			target = A6C9F91B197EC62000A1398C /* Converting Between Units */;
			targetProxy = A6C9F92F197EC62000A1398C /* PBXContainerItemProxy */;
		};
/* End PBXTargetDependency section */

/* Begin PBXVariantGroup section */
		A6C9F925197EC62000A1398C /* Main.storyboard */ = {
			isa = PBXVariantGroup;
			children = (
				A6C9F926197EC62000A1398C /* Base */,
			);
			name = Main.storyboard;
			sourceTree = "<group>";
		};
/* End PBXVariantGroup section */

/* Begin XCBuildConfiguration section */
		A6C9F936197EC62000A1398C /* Debug */ = {
			isa = XCBuildConfiguration;
			buildSettings = {
				ALWAYS_SEARCH_USER_PATHS = NO;
				CLANG_CXX_LANGUAGE_STANDARD = "gnu++0x";
				CLANG_CXX_LIBRARY = "libc++";
				CLANG_ENABLE_MODULES = YES;
				CLANG_ENABLE_OBJC_ARC = YES;
				CLANG_WARN_BOOL_CONVERSION = YES;
				CLANG_WARN_CONSTANT_CONVERSION = YES;
				CLANG_WARN_DIRECT_OBJC_ISA_USAGE = YES_ERROR;
				CLANG_WARN_EMPTY_BODY = YES;
				CLANG_WARN_ENUM_CONVERSION = YES;
				CLANG_WARN_INT_CONVERSION = YES;
				CLANG_WARN_OBJC_ROOT_CLASS = YES_ERROR;
				CLANG_WARN_UNREACHABLE_CODE = YES;
				CLANG_WARN__DUPLICATE_METHOD_MATCH = YES;
				"CODE_SIGN_IDENTITY[sdk=iphoneos*]" = "iPhone Developer";
				COPY_PHASE_STRIP = NO;
				ENABLE_STRICT_OBJC_MSGSEND = YES;
				GCC_C_LANGUAGE_STANDARD = gnu99;
				GCC_DYNAMIC_NO_PIC = NO;
				GCC_OPTIMIZATION_LEVEL = 0;
				GCC_PREPROCESSOR_DEFINITIONS = (
					"DEBUG=1",
					"$(inherited)",
				);
				GCC_SYMBOLS_PRIVATE_EXTERN = NO;
				GCC_WARN_64_TO_32_BIT_CONVERSION = YES;
				GCC_WARN_ABOUT_RETURN_TYPE = YES_ERROR;
				GCC_WARN_UNDECLARED_SELECTOR = YES;
				GCC_WARN_UNINITIALIZED_AUTOS = YES_AGGRESSIVE;
				GCC_WARN_UNUSED_FUNCTION = YES;
				GCC_WARN_UNUSED_VARIABLE = YES;
				IPHONEOS_DEPLOYMENT_TARGET = 8.0;
				MTL_ENABLE_DEBUG_INFO = YES;
				ONLY_ACTIVE_ARCH = YES;
				SDKROOT = iphoneos;
				SWIFT_OPTIMIZATION_LEVEL = "-Onone";
				TARGETED_DEVICE_FAMILY = "1,2";
			};
			name = Debug;
		};
		A6C9F937197EC62000A1398C /* Release */ = {
			isa = XCBuildConfiguration;
			buildSettings = {
				ALWAYS_SEARCH_USER_PATHS = NO;
				CLANG_CXX_LANGUAGE_STANDARD = "gnu++0x";
				CLANG_CXX_LIBRARY = "libc++";
				CLANG_ENABLE_MODULES = YES;
				CLANG_ENABLE_OBJC_ARC = YES;
				CLANG_WARN_BOOL_CONVERSION = YES;
				CLANG_WARN_CONSTANT_CONVERSION = YES;
				CLANG_WARN_DIRECT_OBJC_ISA_USAGE = YES_ERROR;
				CLANG_WARN_EMPTY_BODY = YES;
				CLANG_WARN_ENUM_CONVERSION = YES;
				CLANG_WARN_INT_CONVERSION = YES;
				CLANG_WARN_OBJC_ROOT_CLASS = YES_ERROR;
				CLANG_WARN_UNREACHABLE_CODE = YES;
				CLANG_WARN__DUPLICATE_METHOD_MATCH = YES;
				"CODE_SIGN_IDENTITY[sdk=iphoneos*]" = "iPhone Developer";
				COPY_PHASE_STRIP = YES;
				ENABLE_NS_ASSERTIONS = NO;
				ENABLE_STRICT_OBJC_MSGSEND = YES;
				GCC_C_LANGUAGE_STANDARD = gnu99;
				GCC_WARN_64_TO_32_BIT_CONVERSION = YES;
				GCC_WARN_ABOUT_RETURN_TYPE = YES_ERROR;
				GCC_WARN_UNDECLARED_SELECTOR = YES;
				GCC_WARN_UNINITIALIZED_AUTOS = YES_AGGRESSIVE;
				GCC_WARN_UNUSED_FUNCTION = YES;
				GCC_WARN_UNUSED_VARIABLE = YES;
				IPHONEOS_DEPLOYMENT_TARGET = 8.0;
				MTL_ENABLE_DEBUG_INFO = NO;
				SDKROOT = iphoneos;
				TARGETED_DEVICE_FAMILY = "1,2";
				VALIDATE_PRODUCT = YES;
			};
			name = Release;
		};
		A6C9F939197EC62000A1398C /* Debug */ = {
			isa = XCBuildConfiguration;
			buildSettings = {
				ASSETCATALOG_COMPILER_APPICON_NAME = AppIcon;
				ASSETCATALOG_COMPILER_LAUNCHIMAGE_NAME = LaunchImage;
				INFOPLIST_FILE = "Converting Between Units/Info.plist";
				LD_RUNPATH_SEARCH_PATHS = "$(inherited) @executable_path/Frameworks";
				PRODUCT_NAME = "$(TARGET_NAME)";
			};
			name = Debug;
		};
		A6C9F93A197EC62000A1398C /* Release */ = {
			isa = XCBuildConfiguration;
			buildSettings = {
				ASSETCATALOG_COMPILER_APPICON_NAME = AppIcon;
				ASSETCATALOG_COMPILER_LAUNCHIMAGE_NAME = LaunchImage;
				INFOPLIST_FILE = "Converting Between Units/Info.plist";
				LD_RUNPATH_SEARCH_PATHS = "$(inherited) @executable_path/Frameworks";
				PRODUCT_NAME = "$(TARGET_NAME)";
			};
			name = Release;
		};
		A6C9F93C197EC62000A1398C /* Debug */ = {
			isa = XCBuildConfiguration;
			buildSettings = {
				BUNDLE_LOADER = "$(BUILT_PRODUCTS_DIR)/Converting Between Units.app/Converting Between Units";
				FRAMEWORK_SEARCH_PATHS = (
					"$(SDKROOT)/Developer/Library/Frameworks",
					"$(inherited)",
				);
				GCC_PREPROCESSOR_DEFINITIONS = (
					"DEBUG=1",
					"$(inherited)",
				);
				INFOPLIST_FILE = "Converting Between UnitsTests/Info.plist";
				LD_RUNPATH_SEARCH_PATHS = "$(inherited) @executable_path/Frameworks @loader_path/Frameworks";
				PRODUCT_NAME = "$(TARGET_NAME)";
				TEST_HOST = "$(BUNDLE_LOADER)";
			};
			name = Debug;
		};
		A6C9F93D197EC62000A1398C /* Release */ = {
			isa = XCBuildConfiguration;
			buildSettings = {
				BUNDLE_LOADER = "$(BUILT_PRODUCTS_DIR)/Converting Between Units.app/Converting Between Units";
				FRAMEWORK_SEARCH_PATHS = (
					"$(SDKROOT)/Developer/Library/Frameworks",
					"$(inherited)",
				);
				INFOPLIST_FILE = "Converting Between UnitsTests/Info.plist";
				LD_RUNPATH_SEARCH_PATHS = "$(inherited) @executable_path/Frameworks @loader_path/Frameworks";
				PRODUCT_NAME = "$(TARGET_NAME)";
				TEST_HOST = "$(BUNDLE_LOADER)";
			};
			name = Release;
		};
/* End XCBuildConfiguration section */

/* Begin XCConfigurationList section */
		A6C9F917197EC62000A1398C /* Build configuration list for PBXProject "Converting Between Units" */ = {
			isa = XCConfigurationList;
			buildConfigurations = (
				A6C9F936197EC62000A1398C /* Debug */,
				A6C9F937197EC62000A1398C /* Release */,
			);
			defaultConfigurationIsVisible = 0;
			defaultConfigurationName = Release;
		};
		A6C9F938197EC62000A1398C /* Build configuration list for PBXNativeTarget "Converting Between Units" */ = {
			isa = XCConfigurationList;
			buildConfigurations = (
				A6C9F939197EC62000A1398C /* Debug */,
				A6C9F93A197EC62000A1398C /* Release */,
			);
			defaultConfigurationIsVisible = 0;
		};
		A6C9F93B197EC62000A1398C /* Build configuration list for PBXNativeTarget "Converting Between UnitsTests" */ = {
			isa = XCConfigurationList;
			buildConfigurations = (
				A6C9F93C197EC62000A1398C /* Debug */,
				A6C9F93D197EC62000A1398C /* Release */,
			);
			defaultConfigurationIsVisible = 0;
		};
/* End XCConfigurationList section */
	};
	rootObject = A6C9F914197EC62000A1398C /* Project object */;
}
