// !$*UTF8*$!
{
	archiveVersion = 1;
	classes = {
	};
	objectVersion = 46;
	objects = {

/* Begin PBXBuildFile section */
		9D442451196BFC430068FFA4 /* AppDelegate.swift in Sources */ = {isa = PBXBuildFile; fileRef = 9D442450196BFC430068FFA4 /* AppDelegate.swift */; };
		9D442453196BFC430068FFA4 /* ViewController.swift in Sources */ = {isa = PBXBuildFile; fileRef = 9D442452196BFC430068FFA4 /* ViewController.swift */; };
		9D442456196BFC430068FFA4 /* Main.storyboard in Resources */ = {isa = PBXBuildFile; fileRef = 9D442454196BFC430068FFA4 /* Main.storyboard */; };
		9D442458196BFC430068FFA4 /* Images.xcassets in Resources */ = {isa = PBXBuildFile; fileRef = 9D442457196BFC430068FFA4 /* Images.xcassets */; };
		9D442464196BFC430068FFA4 /* Searching_on_a_Map_ViewTests.swift in Sources */ = {isa = PBXBuildFile; fileRef = 9D442463196BFC430068FFA4 /* Searching_on_a_Map_ViewTests.swift */; };
/* End PBXBuildFile section */

/* Begin PBXContainerItemProxy section */
		9D44245E196BFC430068FFA4 /* PBXContainerItemProxy */ = {
			isa = PBXContainerItemProxy;
			containerPortal = 9D442443196BFC430068FFA4 /* Project object */;
			proxyType = 1;
			remoteGlobalIDString = 9D44244A196BFC430068FFA4;
			remoteInfo = "Searching on a Map View";
		};
/* End PBXContainerItemProxy section */

/* Begin PBXFileReference section */
		9D44244B196BFC430068FFA4 /* Searching on a Map View.app */ = {isa = PBXFileReference; explicitFileType = wrapper.application; includeInIndex = 0; path = "Searching on a Map View.app"; sourceTree = BUILT_PRODUCTS_DIR; };
		9D44244F196BFC430068FFA4 /* Info.plist */ = {isa = PBXFileReference; lastKnownFileType = text.plist.xml; path = Info.plist; sourceTree = "<group>"; };
		9D442450196BFC430068FFA4 /* AppDelegate.swift */ = {isa = PBXFileReference; lastKnownFileType = sourcecode.swift; path = AppDelegate.swift; sourceTree = "<group>"; };
		9D442452196BFC430068FFA4 /* ViewController.swift */ = {isa = PBXFileReference; lastKnownFileType = sourcecode.swift; path = ViewController.swift; sourceTree = "<group>"; };
		9D442455196BFC430068FFA4 /* Base */ = {isa = PBXFileReference; lastKnownFileType = file.storyboard; name = Base; path = Base.lproj/Main.storyboard; sourceTree = "<group>"; };
		9D442457196BFC430068FFA4 /* Images.xcassets */ = {isa = PBXFileReference; lastKnownFileType = folder.assetcatalog; path = Images.xcassets; sourceTree = "<group>"; };
		9D44245D196BFC430068FFA4 /* Searching on a Map ViewTests.xctest */ = {isa = PBXFileReference; explicitFileType = wrapper.cfbundle; includeInIndex = 0; path = "Searching on a Map ViewTests.xctest"; sourceTree = BUILT_PRODUCTS_DIR; };
		9D442462196BFC430068FFA4 /* Info.plist */ = {isa = PBXFileReference; lastKnownFileType = text.plist.xml; path = Info.plist; sourceTree = "<group>"; };
		9D442463196BFC430068FFA4 /* Searching_on_a_Map_ViewTests.swift */ = {isa = PBXFileReference; lastKnownFileType = sourcecode.swift; path = Searching_on_a_Map_ViewTests.swift; sourceTree = "<group>"; };
/* End PBXFileReference section */

/* Begin PBXFrameworksBuildPhase section */
		9D442448196BFC430068FFA4 /* Frameworks */ = {
			isa = PBXFrameworksBuildPhase;
			buildActionMask = 2147483647;
			files = (
			);
			runOnlyForDeploymentPostprocessing = 0;
		};
		9D44245A196BFC430068FFA4 /* Frameworks */ = {
			isa = PBXFrameworksBuildPhase;
			buildActionMask = 2147483647;
			files = (
			);
			runOnlyForDeploymentPostprocessing = 0;
		};
/* End PBXFrameworksBuildPhase section */

/* Begin PBXGroup section */
		9D442442196BFC430068FFA4 = {
			isa = PBXGroup;
			children = (
				9D44244D196BFC430068FFA4 /* Searching on a Map View */,
				9D442460196BFC430068FFA4 /* Searching on a Map ViewTests */,
				9D44244C196BFC430068FFA4 /* Products */,
			);
			sourceTree = "<group>";
		};
		9D44244C196BFC430068FFA4 /* Products */ = {
			isa = PBXGroup;
			children = (
				9D44244B196BFC430068FFA4 /* Searching on a Map View.app */,
				9D44245D196BFC430068FFA4 /* Searching on a Map ViewTests.xctest */,
			);
			name = Products;
			sourceTree = "<group>";
		};
		9D44244D196BFC430068FFA4 /* Searching on a Map View */ = {
			isa = PBXGroup;
			children = (
				9D442450196BFC430068FFA4 /* AppDelegate.swift */,
				9D442452196BFC430068FFA4 /* ViewController.swift */,
				9D442454196BFC430068FFA4 /* Main.storyboard */,
				9D442457196BFC430068FFA4 /* Images.xcassets */,
				9D44244E196BFC430068FFA4 /* Supporting Files */,
			);
			path = "Searching on a Map View";
			sourceTree = "<group>";
		};
		9D44244E196BFC430068FFA4 /* Supporting Files */ = {
			isa = PBXGroup;
			children = (
				9D44244F196BFC430068FFA4 /* Info.plist */,
			);
			name = "Supporting Files";
			sourceTree = "<group>";
		};
		9D442460196BFC430068FFA4 /* Searching on a Map ViewTests */ = {
			isa = PBXGroup;
			children = (
				9D442463196BFC430068FFA4 /* Searching_on_a_Map_ViewTests.swift */,
				9D442461196BFC430068FFA4 /* Supporting Files */,
			);
			path = "Searching on a Map ViewTests";
			sourceTree = "<group>";
		};
		9D442461196BFC430068FFA4 /* Supporting Files */ = {
			isa = PBXGroup;
			children = (
				9D442462196BFC430068FFA4 /* Info.plist */,
			);
			name = "Supporting Files";
			sourceTree = "<group>";
		};
/* End PBXGroup section */

/* Begin PBXNativeTarget section */
		9D44244A196BFC430068FFA4 /* Searching on a Map View */ = {
			isa = PBXNativeTarget;
			buildConfigurationList = 9D442467196BFC430068FFA4 /* Build configuration list for PBXNativeTarget "Searching on a Map View" */;
			buildPhases = (
				9D442447196BFC430068FFA4 /* Sources */,
				9D442448196BFC430068FFA4 /* Frameworks */,
				9D442449196BFC430068FFA4 /* Resources */,
			);
			buildRules = (
			);
			dependencies = (
			);
			name = "Searching on a Map View";
			productName = "Searching on a Map View";
			productReference = 9D44244B196BFC430068FFA4 /* Searching on a Map View.app */;
			productType = "com.apple.product-type.application";
		};
		9D44245C196BFC430068FFA4 /* Searching on a Map ViewTests */ = {
			isa = PBXNativeTarget;
			buildConfigurationList = 9D44246A196BFC430068FFA4 /* Build configuration list for PBXNativeTarget "Searching on a Map ViewTests" */;
			buildPhases = (
				9D442459196BFC430068FFA4 /* Sources */,
				9D44245A196BFC430068FFA4 /* Frameworks */,
				9D44245B196BFC430068FFA4 /* Resources */,
			);
			buildRules = (
			);
			dependencies = (
				9D44245F196BFC430068FFA4 /* PBXTargetDependency */,
			);
			name = "Searching on a Map ViewTests";
			productName = "Searching on a Map ViewTests";
			productReference = 9D44245D196BFC430068FFA4 /* Searching on a Map ViewTests.xctest */;
			productType = "com.apple.product-type.bundle.unit-test";
		};
/* End PBXNativeTarget section */

/* Begin PBXProject section */
		9D442443196BFC430068FFA4 /* Project object */ = {
			isa = PBXProject;
			attributes = {
				LastUpgradeCheck = 0600;
				ORGANIZATIONNAME = "Pixolity Ltd.";
				TargetAttributes = {
					9D44244A196BFC430068FFA4 = {
						CreatedOnToolsVersion = 6.0;
					};
					9D44245C196BFC430068FFA4 = {
						CreatedOnToolsVersion = 6.0;
						TestTargetID = 9D44244A196BFC430068FFA4;
					};
				};
			};
			buildConfigurationList = 9D442446196BFC430068FFA4 /* Build configuration list for PBXProject "Searching on a Map View" */;
			compatibilityVersion = "Xcode 3.2";
			developmentRegion = English;
			hasScannedForEncodings = 0;
			knownRegions = (
				en,
				Base,
			);
			mainGroup = 9D442442196BFC430068FFA4;
			productRefGroup = 9D44244C196BFC430068FFA4 /* Products */;
			projectDirPath = "";
			projectRoot = "";
			targets = (
				9D44244A196BFC430068FFA4 /* Searching on a Map View */,
				9D44245C196BFC430068FFA4 /* Searching on a Map ViewTests */,
			);
		};
/* End PBXProject section */

/* Begin PBXResourcesBuildPhase section */
		9D442449196BFC430068FFA4 /* Resources */ = {
			isa = PBXResourcesBuildPhase;
			buildActionMask = 2147483647;
			files = (
				9D442456196BFC430068FFA4 /* Main.storyboard in Resources */,
				9D442458196BFC430068FFA4 /* Images.xcassets in Resources */,
			);
			runOnlyForDeploymentPostprocessing = 0;
		};
		9D44245B196BFC430068FFA4 /* Resources */ = {
			isa = PBXResourcesBuildPhase;
			buildActionMask = 2147483647;
			files = (
			);
			runOnlyForDeploymentPostprocessing = 0;
		};
/* End PBXResourcesBuildPhase section */

/* Begin PBXSourcesBuildPhase section */
		9D442447196BFC430068FFA4 /* Sources */ = {
			isa = PBXSourcesBuildPhase;
			buildActionMask = 2147483647;
			files = (
				9D442453196BFC430068FFA4 /* ViewController.swift in Sources */,
				9D442451196BFC430068FFA4 /* AppDelegate.swift in Sources */,
			);
			runOnlyForDeploymentPostprocessing = 0;
		};
		9D442459196BFC430068FFA4 /* Sources */ = {
			isa = PBXSourcesBuildPhase;
			buildActionMask = 2147483647;
			files = (
				9D442464196BFC430068FFA4 /* Searching_on_a_Map_ViewTests.swift in Sources */,
			);
			runOnlyForDeploymentPostprocessing = 0;
		};
/* End PBXSourcesBuildPhase section */

/* Begin PBXTargetDependency section */
		9D44245F196BFC430068FFA4 /* PBXTargetDependency */ = {
			isa = PBXTargetDependency;
			target = 9D44244A196BFC430068FFA4 /* Searching on a Map View */;
			targetProxy = 9D44245E196BFC430068FFA4 /* PBXContainerItemProxy */;
		};
/* End PBXTargetDependency section */

/* Begin PBXVariantGroup section */
		9D442454196BFC430068FFA4 /* Main.storyboard */ = {
			isa = PBXVariantGroup;
			children = (
				9D442455196BFC430068FFA4 /* Base */,
			);
			name = Main.storyboard;
			sourceTree = "<group>";
		};
/* End PBXVariantGroup section */

/* Begin XCBuildConfiguration section */
		9D442465196BFC430068FFA4 /* Debug */ = {
			isa = XCBuildConfiguration;
			buildSettings = {
				ALWAYS_SEARCH_USER_PATHS = NO;
				CLANG_CXX_LANGUAGE_STANDARD = "gnu++0x";
				CLANG_CXX_LIBRARY = "libc++";
				CLANG_ENABLE_MODULES = YES;
				CLANG_ENABLE_OBJC_ARC = YES;
				CLANG_WARN_BOOL_CONVERSION = YES;
				CLANG_WARN_CONSTANT_CONVERSION = YES;
				CLANG_WARN_DIRECT_OBJC_ISA_USAGE = YES_ERROR;
				CLANG_WARN_EMPTY_BODY = YES;
				CLANG_WARN_ENUM_CONVERSION = YES;
				CLANG_WARN_INT_CONVERSION = YES;
				CLANG_WARN_OBJC_ROOT_CLASS = YES_ERROR;
				CLANG_WARN_UNREACHABLE_CODE = YES;
				CLANG_WARN__DUPLICATE_METHOD_MATCH = YES;
				"CODE_SIGN_IDENTITY[sdk=iphoneos*]" = "iPhone Developer";
				COPY_PHASE_STRIP = NO;
				ENABLE_STRICT_OBJC_MSGSEND = YES;
				GCC_C_LANGUAGE_STANDARD = gnu99;
				GCC_DYNAMIC_NO_PIC = NO;
				GCC_OPTIMIZATION_LEVEL = 0;
				GCC_PREPROCESSOR_DEFINITIONS = (
					"DEBUG=1",
					"$(inherited)",
				);
				GCC_SYMBOLS_PRIVATE_EXTERN = NO;
				GCC_WARN_64_TO_32_BIT_CONVERSION = YES;
				GCC_WARN_ABOUT_RETURN_TYPE = YES_ERROR;
				GCC_WARN_UNDECLARED_SELECTOR = YES;
				GCC_WARN_UNINITIALIZED_AUTOS = YES_AGGRESSIVE;
				GCC_WARN_UNUSED_FUNCTION = YES;
				GCC_WARN_UNUSED_VARIABLE = YES;
				IPHONEOS_DEPLOYMENT_TARGET = 8.0;
				MTL_ENABLE_DEBUG_INFO = YES;
				ONLY_ACTIVE_ARCH = YES;
				SDKROOT = iphoneos;
				SWIFT_OPTIMIZATION_LEVEL = "-Onone";
				TARGETED_DEVICE_FAMILY = "1,2";
			};
			name = Debug;
		};
		9D442466196BFC430068FFA4 /* Release */ = {
			isa = XCBuildConfiguration;
			buildSettings = {
				ALWAYS_SEARCH_USER_PATHS = NO;
				CLANG_CXX_LANGUAGE_STANDARD = "gnu++0x";
				CLANG_CXX_LIBRARY = "libc++";
				CLANG_ENABLE_MODULES = YES;
				CLANG_ENABLE_OBJC_ARC = YES;
				CLANG_WARN_BOOL_CONVERSION = YES;
				CLANG_WARN_CONSTANT_CONVERSION = YES;
				CLANG_WARN_DIRECT_OBJC_ISA_USAGE = YES_ERROR;
				CLANG_WARN_EMPTY_BODY = YES;
				CLANG_WARN_ENUM_CONVERSION = YES;
				CLANG_WARN_INT_CONVERSION = YES;
				CLANG_WARN_OBJC_ROOT_CLASS = YES_ERROR;
				CLANG_WARN_UNREACHABLE_CODE = YES;
				CLANG_WARN__DUPLICATE_METHOD_MATCH = YES;
				"CODE_SIGN_IDENTITY[sdk=iphoneos*]" = "iPhone Developer";
				COPY_PHASE_STRIP = YES;
				ENABLE_NS_ASSERTIONS = NO;
				ENABLE_STRICT_OBJC_MSGSEND = YES;
				GCC_C_LANGUAGE_STANDARD = gnu99;
				GCC_WARN_64_TO_32_BIT_CONVERSION = YES;
				GCC_WARN_ABOUT_RETURN_TYPE = YES_ERROR;
				GCC_WARN_UNDECLARED_SELECTOR = YES;
				GCC_WARN_UNINITIALIZED_AUTOS = YES_AGGRESSIVE;
				GCC_WARN_UNUSED_FUNCTION = YES;
				GCC_WARN_UNUSED_VARIABLE = YES;
				IPHONEOS_DEPLOYMENT_TARGET = 8.0;
				MTL_ENABLE_DEBUG_INFO = NO;
				SDKROOT = iphoneos;
				TARGETED_DEVICE_FAMILY = "1,2";
				VALIDATE_PRODUCT = YES;
			};
			name = Release;
		};
		9D442468196BFC430068FFA4 /* Debug */ = {
			isa = XCBuildConfiguration;
			buildSettings = {
				ASSETCATALOG_COMPILER_APPICON_NAME = AppIcon;
				ASSETCATALOG_COMPILER_LAUNCHIMAGE_NAME = LaunchImage;
				INFOPLIST_FILE = "Searching on a Map View/Info.plist";
				LD_RUNPATH_SEARCH_PATHS = "$(inherited) @executable_path/Frameworks";
				PRODUCT_NAME = "$(TARGET_NAME)";
			};
			name = Debug;
		};
		9D442469196BFC430068FFA4 /* Release */ = {
			isa = XCBuildConfiguration;
			buildSettings = {
				ASSETCATALOG_COMPILER_APPICON_NAME = AppIcon;
				ASSETCATALOG_COMPILER_LAUNCHIMAGE_NAME = LaunchImage;
				INFOPLIST_FILE = "Searching on a Map View/Info.plist";
				LD_RUNPATH_SEARCH_PATHS = "$(inherited) @executable_path/Frameworks";
				PRODUCT_NAME = "$(TARGET_NAME)";
			};
			name = Release;
		};
		9D44246B196BFC430068FFA4 /* Debug */ = {
			isa = XCBuildConfiguration;
			buildSettings = {
				BUNDLE_LOADER = "$(BUILT_PRODUCTS_DIR)/Searching on a Map View.app/Searching on a Map View";
				FRAMEWORK_SEARCH_PATHS = (
					"$(SDKROOT)/Developer/Library/Frameworks",
					"$(inherited)",
				);
				GCC_PREPROCESSOR_DEFINITIONS = (
					"DEBUG=1",
					"$(inherited)",
				);
				INFOPLIST_FILE = "Searching on a Map ViewTests/Info.plist";
				LD_RUNPATH_SEARCH_PATHS = "$(inherited) @executable_path/Frameworks @loader_path/Frameworks";
				PRODUCT_NAME = "$(TARGET_NAME)";
				TEST_HOST = "$(BUNDLE_LOADER)";
			};
			name = Debug;
		};
		9D44246C196BFC430068FFA4 /* Release */ = {
			isa = XCBuildConfiguration;
			buildSettings = {
				BUNDLE_LOADER = "$(BUILT_PRODUCTS_DIR)/Searching on a Map View.app/Searching on a Map View";
				FRAMEWORK_SEARCH_PATHS = (
					"$(SDKROOT)/Developer/Library/Frameworks",
					"$(inherited)",
				);
				INFOPLIST_FILE = "Searching on a Map ViewTests/Info.plist";
				LD_RUNPATH_SEARCH_PATHS = "$(inherited) @executable_path/Frameworks @loader_path/Frameworks";
				PRODUCT_NAME = "$(TARGET_NAME)";
				TEST_HOST = "$(BUNDLE_LOADER)";
			};
			name = Release;
		};
/* End XCBuildConfiguration section */

/* Begin XCConfigurationList section */
		9D442446196BFC430068FFA4 /* Build configuration list for PBXProject "Searching on a Map View" */ = {
			isa = XCConfigurationList;
			buildConfigurations = (
				9D442465196BFC430068FFA4 /* Debug */,
				9D442466196BFC430068FFA4 /* Release */,
			);
			defaultConfigurationIsVisible = 0;
			defaultConfigurationName = Release;
		};
		9D442467196BFC430068FFA4 /* Build configuration list for PBXNativeTarget "Searching on a Map View" */ = {
			isa = XCConfigurationList;
			buildConfigurations = (
				9D442468196BFC430068FFA4 /* Debug */,
				9D442469196BFC430068FFA4 /* Release */,
			);
			defaultConfigurationIsVisible = 0;
		};
		9D44246A196BFC430068FFA4 /* Build configuration list for PBXNativeTarget "Searching on a Map ViewTests" */ = {
			isa = XCConfigurationList;
			buildConfigurations = (
				9D44246B196BFC430068FFA4 /* Debug */,
				9D44246C196BFC430068FFA4 /* Release */,
			);
			defaultConfigurationIsVisible = 0;
		};
/* End XCConfigurationList section */
	};
	rootObject = 9D442443196BFC430068FFA4 /* Project object */;
}
