// !$*UTF8*$!
{
	archiveVersion = 1;
	classes = {
	};
	objectVersion = 46;
	objects = {

/* Begin PBXBuildFile section */
		9DC7C2891961D94F00AE89B2 /* AppDelegate.swift in Sources */ = {isa = PBXBuildFile; fileRef = 9DC7C2881961D94F00AE89B2 /* AppDelegate.swift */; };
		9DC7C28B1961D94F00AE89B2 /* ViewController.swift in Sources */ = {isa = PBXBuildFile; fileRef = 9DC7C28A1961D94F00AE89B2 /* ViewController.swift */; };
		9DC7C28E1961D94F00AE89B2 /* Main.storyboard in Resources */ = {isa = PBXBuildFile; fileRef = 9DC7C28C1961D94F00AE89B2 /* Main.storyboard */; };
		9DC7C2901961D94F00AE89B2 /* Images.xcassets in Resources */ = {isa = PBXBuildFile; fileRef = 9DC7C28F1961D94F00AE89B2 /* Images.xcassets */; };
		9DC7C29C1961D94F00AE89B2 /* Attaching_Multiple_Dynamic_Items_to_Each_OtherTests.swift in Sources */ = {isa = PBXBuildFile; fileRef = 9DC7C29B1961D94F00AE89B2 /* Attaching_Multiple_Dynamic_Items_to_Each_OtherTests.swift */; };
/* End PBXBuildFile section */

/* Begin PBXContainerItemProxy section */
		9DC7C2961961D94F00AE89B2 /* PBXContainerItemProxy */ = {
			isa = PBXContainerItemProxy;
			containerPortal = 9DC7C27B1961D94F00AE89B2 /* Project object */;
			proxyType = 1;
			remoteGlobalIDString = 9DC7C2821961D94F00AE89B2;
			remoteInfo = "Attaching Multiple Dynamic Items to Each Other";
		};
/* End PBXContainerItemProxy section */

/* Begin PBXFileReference section */
		9DC7C2831961D94F00AE89B2 /* Attaching Multiple Dynamic Items to Each Other.app */ = {isa = PBXFileReference; explicitFileType = wrapper.application; includeInIndex = 0; path = "Attaching Multiple Dynamic Items to Each Other.app"; sourceTree = BUILT_PRODUCTS_DIR; };
		9DC7C2871961D94F00AE89B2 /* Info.plist */ = {isa = PBXFileReference; lastKnownFileType = text.plist.xml; path = Info.plist; sourceTree = "<group>"; };
		9DC7C2881961D94F00AE89B2 /* AppDelegate.swift */ = {isa = PBXFileReference; lastKnownFileType = sourcecode.swift; path = AppDelegate.swift; sourceTree = "<group>"; };
		9DC7C28A1961D94F00AE89B2 /* ViewController.swift */ = {isa = PBXFileReference; lastKnownFileType = sourcecode.swift; path = ViewController.swift; sourceTree = "<group>"; };
		9DC7C28D1961D94F00AE89B2 /* Base */ = {isa = PBXFileReference; lastKnownFileType = file.storyboard; name = Base; path = Base.lproj/Main.storyboard; sourceTree = "<group>"; };
		9DC7C28F1961D94F00AE89B2 /* Images.xcassets */ = {isa = PBXFileReference; lastKnownFileType = folder.assetcatalog; path = Images.xcassets; sourceTree = "<group>"; };
		9DC7C2951961D94F00AE89B2 /* Attaching Multiple Dynamic Items to Each OtherTests.xctest */ = {isa = PBXFileReference; explicitFileType = wrapper.cfbundle; includeInIndex = 0; path = "Attaching Multiple Dynamic Items to Each OtherTests.xctest"; sourceTree = BUILT_PRODUCTS_DIR; };
		9DC7C29A1961D94F00AE89B2 /* Info.plist */ = {isa = PBXFileReference; lastKnownFileType = text.plist.xml; path = Info.plist; sourceTree = "<group>"; };
		9DC7C29B1961D94F00AE89B2 /* Attaching_Multiple_Dynamic_Items_to_Each_OtherTests.swift */ = {isa = PBXFileReference; lastKnownFileType = sourcecode.swift; path = Attaching_Multiple_Dynamic_Items_to_Each_OtherTests.swift; sourceTree = "<group>"; };
/* End PBXFileReference section */

/* Begin PBXFrameworksBuildPhase section */
		9DC7C2801961D94F00AE89B2 /* Frameworks */ = {
			isa = PBXFrameworksBuildPhase;
			buildActionMask = 2147483647;
			files = (
			);
			runOnlyForDeploymentPostprocessing = 0;
		};
		9DC7C2921961D94F00AE89B2 /* Frameworks */ = {
			isa = PBXFrameworksBuildPhase;
			buildActionMask = 2147483647;
			files = (
			);
			runOnlyForDeploymentPostprocessing = 0;
		};
/* End PBXFrameworksBuildPhase section */

/* Begin PBXGroup section */
		9DC7C27A1961D94F00AE89B2 = {
			isa = PBXGroup;
			children = (
				9DC7C2851961D94F00AE89B2 /* Attaching Multiple Dynamic Items to Each Other */,
				9DC7C2981961D94F00AE89B2 /* Attaching Multiple Dynamic Items to Each OtherTests */,
				9DC7C2841961D94F00AE89B2 /* Products */,
			);
			sourceTree = "<group>";
		};
		9DC7C2841961D94F00AE89B2 /* Products */ = {
			isa = PBXGroup;
			children = (
				9DC7C2831961D94F00AE89B2 /* Attaching Multiple Dynamic Items to Each Other.app */,
				9DC7C2951961D94F00AE89B2 /* Attaching Multiple Dynamic Items to Each OtherTests.xctest */,
			);
			name = Products;
			sourceTree = "<group>";
		};
		9DC7C2851961D94F00AE89B2 /* Attaching Multiple Dynamic Items to Each Other */ = {
			isa = PBXGroup;
			children = (
				9DC7C2881961D94F00AE89B2 /* AppDelegate.swift */,
				9DC7C28A1961D94F00AE89B2 /* ViewController.swift */,
				9DC7C28C1961D94F00AE89B2 /* Main.storyboard */,
				9DC7C28F1961D94F00AE89B2 /* Images.xcassets */,
				9DC7C2861961D94F00AE89B2 /* Supporting Files */,
			);
			path = "Attaching Multiple Dynamic Items to Each Other";
			sourceTree = "<group>";
		};
		9DC7C2861961D94F00AE89B2 /* Supporting Files */ = {
			isa = PBXGroup;
			children = (
				9DC7C2871961D94F00AE89B2 /* Info.plist */,
			);
			name = "Supporting Files";
			sourceTree = "<group>";
		};
		9DC7C2981961D94F00AE89B2 /* Attaching Multiple Dynamic Items to Each OtherTests */ = {
			isa = PBXGroup;
			children = (
				9DC7C29B1961D94F00AE89B2 /* Attaching_Multiple_Dynamic_Items_to_Each_OtherTests.swift */,
				9DC7C2991961D94F00AE89B2 /* Supporting Files */,
			);
			path = "Attaching Multiple Dynamic Items to Each OtherTests";
			sourceTree = "<group>";
		};
		9DC7C2991961D94F00AE89B2 /* Supporting Files */ = {
			isa = PBXGroup;
			children = (
				9DC7C29A1961D94F00AE89B2 /* Info.plist */,
			);
			name = "Supporting Files";
			sourceTree = "<group>";
		};
/* End PBXGroup section */

/* Begin PBXNativeTarget section */
		9DC7C2821961D94F00AE89B2 /* Attaching Multiple Dynamic Items to Each Other */ = {
			isa = PBXNativeTarget;
			buildConfigurationList = 9DC7C29F1961D94F00AE89B2 /* Build configuration list for PBXNativeTarget "Attaching Multiple Dynamic Items to Each Other" */;
			buildPhases = (
				9DC7C27F1961D94F00AE89B2 /* Sources */,
				9DC7C2801961D94F00AE89B2 /* Frameworks */,
				9DC7C2811961D94F00AE89B2 /* Resources */,
			);
			buildRules = (
			);
			dependencies = (
			);
			name = "Attaching Multiple Dynamic Items to Each Other";
			productName = "Attaching Multiple Dynamic Items to Each Other";
			productReference = 9DC7C2831961D94F00AE89B2 /* Attaching Multiple Dynamic Items to Each Other.app */;
			productType = "com.apple.product-type.application";
		};
		9DC7C2941961D94F00AE89B2 /* Attaching Multiple Dynamic Items to Each OtherTests */ = {
			isa = PBXNativeTarget;
			buildConfigurationList = 9DC7C2A21961D94F00AE89B2 /* Build configuration list for PBXNativeTarget "Attaching Multiple Dynamic Items to Each OtherTests" */;
			buildPhases = (
				9DC7C2911961D94F00AE89B2 /* Sources */,
				9DC7C2921961D94F00AE89B2 /* Frameworks */,
				9DC7C2931961D94F00AE89B2 /* Resources */,
			);
			buildRules = (
			);
			dependencies = (
				9DC7C2971961D94F00AE89B2 /* PBXTargetDependency */,
			);
			name = "Attaching Multiple Dynamic Items to Each OtherTests";
			productName = "Attaching Multiple Dynamic Items to Each OtherTests";
			productReference = 9DC7C2951961D94F00AE89B2 /* Attaching Multiple Dynamic Items to Each OtherTests.xctest */;
			productType = "com.apple.product-type.bundle.unit-test";
		};
/* End PBXNativeTarget section */

/* Begin PBXProject section */
		9DC7C27B1961D94F00AE89B2 /* Project object */ = {
			isa = PBXProject;
			attributes = {
				LastSwiftUpdateCheck = 0700;
				LastUpgradeCheck = 0700;
				ORGANIZATIONNAME = "Pixolity Ltd.";
				TargetAttributes = {
					9DC7C2821961D94F00AE89B2 = {
						CreatedOnToolsVersion = 6.0;
					};
					9DC7C2941961D94F00AE89B2 = {
						CreatedOnToolsVersion = 6.0;
						TestTargetID = 9DC7C2821961D94F00AE89B2;
					};
				};
			};
			buildConfigurationList = 9DC7C27E1961D94F00AE89B2 /* Build configuration list for PBXProject "Attaching Multiple Dynamic Items to Each Other" */;
			compatibilityVersion = "Xcode 3.2";
			developmentRegion = English;
			hasScannedForEncodings = 0;
			knownRegions = (
				en,
				Base,
			);
			mainGroup = 9DC7C27A1961D94F00AE89B2;
			productRefGroup = 9DC7C2841961D94F00AE89B2 /* Products */;
			projectDirPath = "";
			projectRoot = "";
			targets = (
				9DC7C2821961D94F00AE89B2 /* Attaching Multiple Dynamic Items to Each Other */,
				9DC7C2941961D94F00AE89B2 /* Attaching Multiple Dynamic Items to Each OtherTests */,
			);
		};
/* End PBXProject section */

/* Begin PBXResourcesBuildPhase section */
		9DC7C2811961D94F00AE89B2 /* Resources */ = {
			isa = PBXResourcesBuildPhase;
			buildActionMask = 2147483647;
			files = (
				9DC7C28E1961D94F00AE89B2 /* Main.storyboard in Resources */,
				9DC7C2901961D94F00AE89B2 /* Images.xcassets in Resources */,
			);
			runOnlyForDeploymentPostprocessing = 0;
		};
		9DC7C2931961D94F00AE89B2 /* Resources */ = {
			isa = PBXResourcesBuildPhase;
			buildActionMask = 2147483647;
			files = (
			);
			runOnlyForDeploymentPostprocessing = 0;
		};
/* End PBXResourcesBuildPhase section */

/* Begin PBXSourcesBuildPhase section */
		9DC7C27F1961D94F00AE89B2 /* Sources */ = {
			isa = PBXSourcesBuildPhase;
			buildActionMask = 2147483647;
			files = (
				9DC7C28B1961D94F00AE89B2 /* ViewController.swift in Sources */,
				9DC7C2891961D94F00AE89B2 /* AppDelegate.swift in Sources */,
			);
			runOnlyForDeploymentPostprocessing = 0;
		};
		9DC7C2911961D94F00AE89B2 /* Sources */ = {
			isa = PBXSourcesBuildPhase;
			buildActionMask = 2147483647;
			files = (
				9DC7C29C1961D94F00AE89B2 /* Attaching_Multiple_Dynamic_Items_to_Each_OtherTests.swift in Sources */,
			);
			runOnlyForDeploymentPostprocessing = 0;
		};
/* End PBXSourcesBuildPhase section */

/* Begin PBXTargetDependency section */
		9DC7C2971961D94F00AE89B2 /* PBXTargetDependency */ = {
			isa = PBXTargetDependency;
			target = 9DC7C2821961D94F00AE89B2 /* Attaching Multiple Dynamic Items to Each Other */;
			targetProxy = 9DC7C2961961D94F00AE89B2 /* PBXContainerItemProxy */;
		};
/* End PBXTargetDependency section */

/* Begin PBXVariantGroup section */
		9DC7C28C1961D94F00AE89B2 /* Main.storyboard */ = {
			isa = PBXVariantGroup;
			children = (
				9DC7C28D1961D94F00AE89B2 /* Base */,
			);
			name = Main.storyboard;
			sourceTree = "<group>";
		};
/* End PBXVariantGroup section */

/* Begin XCBuildConfiguration section */
		9DC7C29D1961D94F00AE89B2 /* Debug */ = {
			isa = XCBuildConfiguration;
			buildSettings = {
				ALWAYS_SEARCH_USER_PATHS = NO;
				CLANG_CXX_LANGUAGE_STANDARD = "gnu++0x";
				CLANG_CXX_LIBRARY = "libc++";
				CLANG_ENABLE_MODULES = YES;
				CLANG_ENABLE_OBJC_ARC = YES;
				CLANG_WARN_BOOL_CONVERSION = YES;
				CLANG_WARN_CONSTANT_CONVERSION = YES;
				CLANG_WARN_DIRECT_OBJC_ISA_USAGE = YES_ERROR;
				CLANG_WARN_EMPTY_BODY = YES;
				CLANG_WARN_ENUM_CONVERSION = YES;
				CLANG_WARN_INT_CONVERSION = YES;
				CLANG_WARN_OBJC_ROOT_CLASS = YES_ERROR;
				CLANG_WARN_UNREACHABLE_CODE = YES;
				CLANG_WARN__DUPLICATE_METHOD_MATCH = YES;
				"CODE_SIGN_IDENTITY[sdk=iphoneos*]" = "iPhone Developer";
				COPY_PHASE_STRIP = NO;
				ENABLE_STRICT_OBJC_MSGSEND = YES;
				ENABLE_TESTABILITY = YES;
				GCC_C_LANGUAGE_STANDARD = gnu99;
				GCC_DYNAMIC_NO_PIC = NO;
				GCC_OPTIMIZATION_LEVEL = 0;
				GCC_PREPROCESSOR_DEFINITIONS = (
					"DEBUG=1",
					"$(inherited)",
				);
				GCC_SYMBOLS_PRIVATE_EXTERN = NO;
				GCC_WARN_64_TO_32_BIT_CONVERSION = YES;
				GCC_WARN_ABOUT_RETURN_TYPE = YES_ERROR;
				GCC_WARN_UNDECLARED_SELECTOR = YES;
				GCC_WARN_UNINITIALIZED_AUTOS = YES_AGGRESSIVE;
				GCC_WARN_UNUSED_FUNCTION = YES;
				GCC_WARN_UNUSED_VARIABLE = YES;
				IPHONEOS_DEPLOYMENT_TARGET = 8.0;
				METAL_ENABLE_DEBUG_INFO = YES;
				ONLY_ACTIVE_ARCH = YES;
				SDKROOT = iphoneos;
				SWIFT_OPTIMIZATION_LEVEL = "-Onone";
				TARGETED_DEVICE_FAMILY = "1,2";
			};
			name = Debug;
		};
		9DC7C29E1961D94F00AE89B2 /* Release */ = {
			isa = XCBuildConfiguration;
			buildSettings = {
				ALWAYS_SEARCH_USER_PATHS = NO;
				CLANG_CXX_LANGUAGE_STANDARD = "gnu++0x";
				CLANG_CXX_LIBRARY = "libc++";
				CLANG_ENABLE_MODULES = YES;
				CLANG_ENABLE_OBJC_ARC = YES;
				CLANG_WARN_BOOL_CONVERSION = YES;
				CLANG_WARN_CONSTANT_CONVERSION = YES;
				CLANG_WARN_DIRECT_OBJC_ISA_USAGE = YES_ERROR;
				CLANG_WARN_EMPTY_BODY = YES;
				CLANG_WARN_ENUM_CONVERSION = YES;
				CLANG_WARN_INT_CONVERSION = YES;
				CLANG_WARN_OBJC_ROOT_CLASS = YES_ERROR;
				CLANG_WARN_UNREACHABLE_CODE = YES;
				CLANG_WARN__DUPLICATE_METHOD_MATCH = YES;
				"CODE_SIGN_IDENTITY[sdk=iphoneos*]" = "iPhone Developer";
				COPY_PHASE_STRIP = YES;
				ENABLE_NS_ASSERTIONS = NO;
				ENABLE_STRICT_OBJC_MSGSEND = YES;
				GCC_C_LANGUAGE_STANDARD = gnu99;
				GCC_WARN_64_TO_32_BIT_CONVERSION = YES;
				GCC_WARN_ABOUT_RETURN_TYPE = YES_ERROR;
				GCC_WARN_UNDECLARED_SELECTOR = YES;
				GCC_WARN_UNINITIALIZED_AUTOS = YES_AGGRESSIVE;
				GCC_WARN_UNUSED_FUNCTION = YES;
				GCC_WARN_UNUSED_VARIABLE = YES;
				IPHONEOS_DEPLOYMENT_TARGET = 8.0;
				METAL_ENABLE_DEBUG_INFO = NO;
				SDKROOT = iphoneos;
				TARGETED_DEVICE_FAMILY = "1,2";
				VALIDATE_PRODUCT = YES;
			};
			name = Release;
		};
		9DC7C2A01961D94F00AE89B2 /* Debug */ = {
			isa = XCBuildConfiguration;
			buildSettings = {
				ASSETCATALOG_COMPILER_APPICON_NAME = AppIcon;
				ASSETCATALOG_COMPILER_LAUNCHIMAGE_NAME = LaunchImage;
				INFOPLIST_FILE = "Attaching Multiple Dynamic Items to Each Other/Info.plist";
				LD_RUNPATH_SEARCH_PATHS = "$(inherited) @executable_path/Frameworks";
				PRODUCT_BUNDLE_IDENTIFIER = com.pixolity.ios.cookbook.app;
				PRODUCT_NAME = "$(TARGET_NAME)";
			};
			name = Debug;
		};
		9DC7C2A11961D94F00AE89B2 /* Release */ = {
			isa = XCBuildConfiguration;
			buildSettings = {
				ASSETCATALOG_COMPILER_APPICON_NAME = AppIcon;
				ASSETCATALOG_COMPILER_LAUNCHIMAGE_NAME = LaunchImage;
				INFOPLIST_FILE = "Attaching Multiple Dynamic Items to Each Other/Info.plist";
				LD_RUNPATH_SEARCH_PATHS = "$(inherited) @executable_path/Frameworks";
				PRODUCT_BUNDLE_IDENTIFIER = com.pixolity.ios.cookbook.app;
				PRODUCT_NAME = "$(TARGET_NAME)";
			};
			name = Release;
		};
		9DC7C2A31961D94F00AE89B2 /* Debug */ = {
			isa = XCBuildConfiguration;
			buildSettings = {
				BUNDLE_LOADER = "$(BUILT_PRODUCTS_DIR)/Attaching Multiple Dynamic Items to Each Other.app/Attaching Multiple Dynamic Items to Each Other";
				FRAMEWORK_SEARCH_PATHS = (
					"$(SDKROOT)/Developer/Library/Frameworks",
					"$(inherited)",
				);
				GCC_PREPROCESSOR_DEFINITIONS = (
					"DEBUG=1",
					"$(inherited)",
				);
				INFOPLIST_FILE = "Attaching Multiple Dynamic Items to Each OtherTests/Info.plist";
				LD_RUNPATH_SEARCH_PATHS = "$(inherited) @executable_path/Frameworks @loader_path/Frameworks";
				METAL_ENABLE_DEBUG_INFO = YES;
				PRODUCT_BUNDLE_IDENTIFIER = com.pixolity.ios.cookbook.app;
				PRODUCT_NAME = "$(TARGET_NAME)";
				TEST_HOST = "$(BUNDLE_LOADER)";
			};
			name = Debug;
		};
		9DC7C2A41961D94F00AE89B2 /* Release */ = {
			isa = XCBuildConfiguration;
			buildSettings = {
				BUNDLE_LOADER = "$(BUILT_PRODUCTS_DIR)/Attaching Multiple Dynamic Items to Each Other.app/Attaching Multiple Dynamic Items to Each Other";
				FRAMEWORK_SEARCH_PATHS = (
					"$(SDKROOT)/Developer/Library/Frameworks",
					"$(inherited)",
				);
				INFOPLIST_FILE = "Attaching Multiple Dynamic Items to Each OtherTests/Info.plist";
				LD_RUNPATH_SEARCH_PATHS = "$(inherited) @executable_path/Frameworks @loader_path/Frameworks";
				METAL_ENABLE_DEBUG_INFO = NO;
				PRODUCT_BUNDLE_IDENTIFIER = com.pixolity.ios.cookbook.app;
				PRODUCT_NAME = "$(TARGET_NAME)";
				TEST_HOST = "$(BUNDLE_LOADER)";
			};
			name = Release;
		};
/* End XCBuildConfiguration section */

/* Begin XCConfigurationList section */
		9DC7C27E1961D94F00AE89B2 /* Build configuration list for PBXProject "Attaching Multiple Dynamic Items to Each Other" */ = {
			isa = XCConfigurationList;
			buildConfigurations = (
				9DC7C29D1961D94F00AE89B2 /* Debug */,
				9DC7C29E1961D94F00AE89B2 /* Release */,
			);
			defaultConfigurationIsVisible = 0;
			defaultConfigurationName = Release;
		};
		9DC7C29F1961D94F00AE89B2 /* Build configuration list for PBXNativeTarget "Attaching Multiple Dynamic Items to Each Other" */ = {
			isa = XCConfigurationList;
			buildConfigurations = (
				9DC7C2A01961D94F00AE89B2 /* Debug */,
				9DC7C2A11961D94F00AE89B2 /* Release */,
			);
			defaultConfigurationIsVisible = 0;
			defaultConfigurationName = Release;
		};
		9DC7C2A21961D94F00AE89B2 /* Build configuration list for PBXNativeTarget "Attaching Multiple Dynamic Items to Each OtherTests" */ = {
			isa = XCConfigurationList;
			buildConfigurations = (
				9DC7C2A31961D94F00AE89B2 /* Debug */,
				9DC7C2A41961D94F00AE89B2 /* Release */,
			);
			defaultConfigurationIsVisible = 0;
			defaultConfigurationName = Release;
		};
/* End XCConfigurationList section */
	};
	rootObject = 9DC7C27B1961D94F00AE89B2 /* Project object */;
}
