// !$*UTF8*$!
{
	archiveVersion = 1;
	classes = {
	};
	objectVersion = 46;
	objects = {

/* Begin PBXBuildFile section */
		9D43D79E195AA2060056F9E5 /* AppDelegate.swift in Sources */ = {isa = PBXBuildFile; fileRef = 9D43D79D195AA2060056F9E5 /* AppDelegate.swift */; };
		9D43D7A0195AA2060056F9E5 /* ViewController.swift in Sources */ = {isa = PBXBuildFile; fileRef = 9D43D79F195AA2060056F9E5 /* ViewController.swift */; };
		9D43D7A3195AA2060056F9E5 /* Main.storyboard in Resources */ = {isa = PBXBuildFile; fileRef = 9D43D7A1195AA2060056F9E5 /* Main.storyboard */; };
		9D43D7A5195AA2060056F9E5 /* Images.xcassets in Resources */ = {isa = PBXBuildFile; fileRef = 9D43D7A4195AA2060056F9E5 /* Images.xcassets */; };
		9D43D7B1195AA2060056F9E5 /* Drawing_LinesTests.swift in Sources */ = {isa = PBXBuildFile; fileRef = 9D43D7B0195AA2060056F9E5 /* Drawing_LinesTests.swift */; };
		9D43D7BB195AA2250056F9E5 /* View.swift in Sources */ = {isa = PBXBuildFile; fileRef = 9D43D7BA195AA2250056F9E5 /* View.swift */; };
/* End PBXBuildFile section */

/* Begin PBXContainerItemProxy section */
		9D43D7AB195AA2060056F9E5 /* PBXContainerItemProxy */ = {
			isa = PBXContainerItemProxy;
			containerPortal = 9D43D790195AA2060056F9E5 /* Project object */;
			proxyType = 1;
			remoteGlobalIDString = 9D43D797195AA2060056F9E5;
			remoteInfo = "Drawing Lines";
		};
/* End PBXContainerItemProxy section */

/* Begin PBXFileReference section */
		9D43D798195AA2060056F9E5 /* Drawing Lines.app */ = {isa = PBXFileReference; explicitFileType = wrapper.application; includeInIndex = 0; path = "Drawing Lines.app"; sourceTree = BUILT_PRODUCTS_DIR; };
		9D43D79C195AA2060056F9E5 /* Info.plist */ = {isa = PBXFileReference; lastKnownFileType = text.plist.xml; path = Info.plist; sourceTree = "<group>"; };
		9D43D79D195AA2060056F9E5 /* AppDelegate.swift */ = {isa = PBXFileReference; lastKnownFileType = sourcecode.swift; path = AppDelegate.swift; sourceTree = "<group>"; };
		9D43D79F195AA2060056F9E5 /* ViewController.swift */ = {isa = PBXFileReference; lastKnownFileType = sourcecode.swift; path = ViewController.swift; sourceTree = "<group>"; };
		9D43D7A2195AA2060056F9E5 /* Base */ = {isa = PBXFileReference; lastKnownFileType = file.storyboard; name = Base; path = Base.lproj/Main.storyboard; sourceTree = "<group>"; };
		9D43D7A4195AA2060056F9E5 /* Images.xcassets */ = {isa = PBXFileReference; lastKnownFileType = folder.assetcatalog; path = Images.xcassets; sourceTree = "<group>"; };
		9D43D7AA195AA2060056F9E5 /* Drawing LinesTests.xctest */ = {isa = PBXFileReference; explicitFileType = wrapper.cfbundle; includeInIndex = 0; path = "Drawing LinesTests.xctest"; sourceTree = BUILT_PRODUCTS_DIR; };
		9D43D7AF195AA2060056F9E5 /* Info.plist */ = {isa = PBXFileReference; lastKnownFileType = text.plist.xml; path = Info.plist; sourceTree = "<group>"; };
		9D43D7B0195AA2060056F9E5 /* Drawing_LinesTests.swift */ = {isa = PBXFileReference; lastKnownFileType = sourcecode.swift; path = Drawing_LinesTests.swift; sourceTree = "<group>"; };
		9D43D7BA195AA2250056F9E5 /* View.swift */ = {isa = PBXFileReference; fileEncoding = 4; lastKnownFileType = sourcecode.swift; path = View.swift; sourceTree = "<group>"; };
/* End PBXFileReference section */

/* Begin PBXFrameworksBuildPhase section */
		9D43D795195AA2060056F9E5 /* Frameworks */ = {
			isa = PBXFrameworksBuildPhase;
			buildActionMask = 2147483647;
			files = (
			);
			runOnlyForDeploymentPostprocessing = 0;
		};
		9D43D7A7195AA2060056F9E5 /* Frameworks */ = {
			isa = PBXFrameworksBuildPhase;
			buildActionMask = 2147483647;
			files = (
			);
			runOnlyForDeploymentPostprocessing = 0;
		};
/* End PBXFrameworksBuildPhase section */

/* Begin PBXGroup section */
		9D43D78F195AA2060056F9E5 = {
			isa = PBXGroup;
			children = (
				9D43D79A195AA2060056F9E5 /* Drawing Lines */,
				9D43D7AD195AA2060056F9E5 /* Drawing LinesTests */,
				9D43D799195AA2060056F9E5 /* Products */,
			);
			sourceTree = "<group>";
		};
		9D43D799195AA2060056F9E5 /* Products */ = {
			isa = PBXGroup;
			children = (
				9D43D798195AA2060056F9E5 /* Drawing Lines.app */,
				9D43D7AA195AA2060056F9E5 /* Drawing LinesTests.xctest */,
			);
			name = Products;
			sourceTree = "<group>";
		};
		9D43D79A195AA2060056F9E5 /* Drawing Lines */ = {
			isa = PBXGroup;
			children = (
				9D43D79D195AA2060056F9E5 /* AppDelegate.swift */,
				9D43D79F195AA2060056F9E5 /* ViewController.swift */,
				9D43D7A1195AA2060056F9E5 /* Main.storyboard */,
				9D43D7A4195AA2060056F9E5 /* Images.xcassets */,
				9D43D79B195AA2060056F9E5 /* Supporting Files */,
				9D43D7BA195AA2250056F9E5 /* View.swift */,
			);
			path = "Drawing Lines";
			sourceTree = "<group>";
		};
		9D43D79B195AA2060056F9E5 /* Supporting Files */ = {
			isa = PBXGroup;
			children = (
				9D43D79C195AA2060056F9E5 /* Info.plist */,
			);
			name = "Supporting Files";
			sourceTree = "<group>";
		};
		9D43D7AD195AA2060056F9E5 /* Drawing LinesTests */ = {
			isa = PBXGroup;
			children = (
				9D43D7B0195AA2060056F9E5 /* Drawing_LinesTests.swift */,
				9D43D7AE195AA2060056F9E5 /* Supporting Files */,
			);
			path = "Drawing LinesTests";
			sourceTree = "<group>";
		};
		9D43D7AE195AA2060056F9E5 /* Supporting Files */ = {
			isa = PBXGroup;
			children = (
				9D43D7AF195AA2060056F9E5 /* Info.plist */,
			);
			name = "Supporting Files";
			sourceTree = "<group>";
		};
/* End PBXGroup section */

/* Begin PBXNativeTarget section */
		9D43D797195AA2060056F9E5 /* Drawing Lines */ = {
			isa = PBXNativeTarget;
			buildConfigurationList = 9D43D7B4195AA2060056F9E5 /* Build configuration list for PBXNativeTarget "Drawing Lines" */;
			buildPhases = (
				9D43D794195AA2060056F9E5 /* Sources */,
				9D43D795195AA2060056F9E5 /* Frameworks */,
				9D43D796195AA2060056F9E5 /* Resources */,
			);
			buildRules = (
			);
			dependencies = (
			);
			name = "Drawing Lines";
			productName = "Drawing Lines";
			productReference = 9D43D798195AA2060056F9E5 /* Drawing Lines.app */;
			productType = "com.apple.product-type.application";
		};
		9D43D7A9195AA2060056F9E5 /* Drawing LinesTests */ = {
			isa = PBXNativeTarget;
			buildConfigurationList = 9D43D7B7195AA2060056F9E5 /* Build configuration list for PBXNativeTarget "Drawing LinesTests" */;
			buildPhases = (
				9D43D7A6195AA2060056F9E5 /* Sources */,
				9D43D7A7195AA2060056F9E5 /* Frameworks */,
				9D43D7A8195AA2060056F9E5 /* Resources */,
			);
			buildRules = (
			);
			dependencies = (
				9D43D7AC195AA2060056F9E5 /* PBXTargetDependency */,
			);
			name = "Drawing LinesTests";
			productName = "Drawing LinesTests";
			productReference = 9D43D7AA195AA2060056F9E5 /* Drawing LinesTests.xctest */;
			productType = "com.apple.product-type.bundle.unit-test";
		};
/* End PBXNativeTarget section */

/* Begin PBXProject section */
		9D43D790195AA2060056F9E5 /* Project object */ = {
			isa = PBXProject;
			attributes = {
				LastSwiftUpdateCheck = 0700;
				LastUpgradeCheck = 0700;
				ORGANIZATIONNAME = "Pixolity Ltd.";
				TargetAttributes = {
					9D43D797195AA2060056F9E5 = {
						CreatedOnToolsVersion = 6.0;
					};
					9D43D7A9195AA2060056F9E5 = {
						CreatedOnToolsVersion = 6.0;
						TestTargetID = 9D43D797195AA2060056F9E5;
					};
				};
			};
			buildConfigurationList = 9D43D793195AA2060056F9E5 /* Build configuration list for PBXProject "Drawing Lines" */;
			compatibilityVersion = "Xcode 3.2";
			developmentRegion = English;
			hasScannedForEncodings = 0;
			knownRegions = (
				en,
				Base,
			);
			mainGroup = 9D43D78F195AA2060056F9E5;
			productRefGroup = 9D43D799195AA2060056F9E5 /* Products */;
			projectDirPath = "";
			projectRoot = "";
			targets = (
				9D43D797195AA2060056F9E5 /* Drawing Lines */,
				9D43D7A9195AA2060056F9E5 /* Drawing LinesTests */,
			);
		};
/* End PBXProject section */

/* Begin PBXResourcesBuildPhase section */
		9D43D796195AA2060056F9E5 /* Resources */ = {
			isa = PBXResourcesBuildPhase;
			buildActionMask = 2147483647;
			files = (
				9D43D7A3195AA2060056F9E5 /* Main.storyboard in Resources */,
				9D43D7A5195AA2060056F9E5 /* Images.xcassets in Resources */,
			);
			runOnlyForDeploymentPostprocessing = 0;
		};
		9D43D7A8195AA2060056F9E5 /* Resources */ = {
			isa = PBXResourcesBuildPhase;
			buildActionMask = 2147483647;
			files = (
			);
			runOnlyForDeploymentPostprocessing = 0;
		};
/* End PBXResourcesBuildPhase section */

/* Begin PBXSourcesBuildPhase section */
		9D43D794195AA2060056F9E5 /* Sources */ = {
			isa = PBXSourcesBuildPhase;
			buildActionMask = 2147483647;
			files = (
				9D43D7A0195AA2060056F9E5 /* ViewController.swift in Sources */,
				9D43D79E195AA2060056F9E5 /* AppDelegate.swift in Sources */,
				9D43D7BB195AA2250056F9E5 /* View.swift in Sources */,
			);
			runOnlyForDeploymentPostprocessing = 0;
		};
		9D43D7A6195AA2060056F9E5 /* Sources */ = {
			isa = PBXSourcesBuildPhase;
			buildActionMask = 2147483647;
			files = (
				9D43D7B1195AA2060056F9E5 /* Drawing_LinesTests.swift in Sources */,
			);
			runOnlyForDeploymentPostprocessing = 0;
		};
/* End PBXSourcesBuildPhase section */

/* Begin PBXTargetDependency section */
		9D43D7AC195AA2060056F9E5 /* PBXTargetDependency */ = {
			isa = PBXTargetDependency;
			target = 9D43D797195AA2060056F9E5 /* Drawing Lines */;
			targetProxy = 9D43D7AB195AA2060056F9E5 /* PBXContainerItemProxy */;
		};
/* End PBXTargetDependency section */

/* Begin PBXVariantGroup section */
		9D43D7A1195AA2060056F9E5 /* Main.storyboard */ = {
			isa = PBXVariantGroup;
			children = (
				9D43D7A2195AA2060056F9E5 /* Base */,
			);
			name = Main.storyboard;
			sourceTree = "<group>";
		};
/* End PBXVariantGroup section */

/* Begin XCBuildConfiguration section */
		9D43D7B2195AA2060056F9E5 /* Debug */ = {
			isa = XCBuildConfiguration;
			buildSettings = {
				ALWAYS_SEARCH_USER_PATHS = NO;
				CLANG_CXX_LANGUAGE_STANDARD = "gnu++0x";
				CLANG_CXX_LIBRARY = "libc++";
				CLANG_ENABLE_MODULES = YES;
				CLANG_ENABLE_OBJC_ARC = YES;
				CLANG_WARN_BOOL_CONVERSION = YES;
				CLANG_WARN_CONSTANT_CONVERSION = YES;
				CLANG_WARN_DIRECT_OBJC_ISA_USAGE = YES_ERROR;
				CLANG_WARN_EMPTY_BODY = YES;
				CLANG_WARN_ENUM_CONVERSION = YES;
				CLANG_WARN_INT_CONVERSION = YES;
				CLANG_WARN_OBJC_ROOT_CLASS = YES_ERROR;
				CLANG_WARN_UNREACHABLE_CODE = YES;
				CLANG_WARN__DUPLICATE_METHOD_MATCH = YES;
				"CODE_SIGN_IDENTITY[sdk=iphoneos*]" = "iPhone Developer";
				COPY_PHASE_STRIP = NO;
				ENABLE_STRICT_OBJC_MSGSEND = YES;
				ENABLE_TESTABILITY = YES;
				GCC_C_LANGUAGE_STANDARD = gnu99;
				GCC_DYNAMIC_NO_PIC = NO;
				GCC_OPTIMIZATION_LEVEL = 0;
				GCC_PREPROCESSOR_DEFINITIONS = (
					"DEBUG=1",
					"$(inherited)",
				);
				GCC_SYMBOLS_PRIVATE_EXTERN = NO;
				GCC_WARN_64_TO_32_BIT_CONVERSION = YES;
				GCC_WARN_ABOUT_RETURN_TYPE = YES_ERROR;
				GCC_WARN_UNDECLARED_SELECTOR = YES;
				GCC_WARN_UNINITIALIZED_AUTOS = YES_AGGRESSIVE;
				GCC_WARN_UNUSED_FUNCTION = YES;
				GCC_WARN_UNUSED_VARIABLE = YES;
				IPHONEOS_DEPLOYMENT_TARGET = 8.0;
				METAL_ENABLE_DEBUG_INFO = YES;
				ONLY_ACTIVE_ARCH = YES;
				SDKROOT = iphoneos;
				SWIFT_OPTIMIZATION_LEVEL = "-Onone";
				TARGETED_DEVICE_FAMILY = "1,2";
			};
			name = Debug;
		};
		9D43D7B3195AA2060056F9E5 /* Release */ = {
			isa = XCBuildConfiguration;
			buildSettings = {
				ALWAYS_SEARCH_USER_PATHS = NO;
				CLANG_CXX_LANGUAGE_STANDARD = "gnu++0x";
				CLANG_CXX_LIBRARY = "libc++";
				CLANG_ENABLE_MODULES = YES;
				CLANG_ENABLE_OBJC_ARC = YES;
				CLANG_WARN_BOOL_CONVERSION = YES;
				CLANG_WARN_CONSTANT_CONVERSION = YES;
				CLANG_WARN_DIRECT_OBJC_ISA_USAGE = YES_ERROR;
				CLANG_WARN_EMPTY_BODY = YES;
				CLANG_WARN_ENUM_CONVERSION = YES;
				CLANG_WARN_INT_CONVERSION = YES;
				CLANG_WARN_OBJC_ROOT_CLASS = YES_ERROR;
				CLANG_WARN_UNREACHABLE_CODE = YES;
				CLANG_WARN__DUPLICATE_METHOD_MATCH = YES;
				"CODE_SIGN_IDENTITY[sdk=iphoneos*]" = "iPhone Developer";
				COPY_PHASE_STRIP = YES;
				ENABLE_NS_ASSERTIONS = NO;
				ENABLE_STRICT_OBJC_MSGSEND = YES;
				GCC_C_LANGUAGE_STANDARD = gnu99;
				GCC_WARN_64_TO_32_BIT_CONVERSION = YES;
				GCC_WARN_ABOUT_RETURN_TYPE = YES_ERROR;
				GCC_WARN_UNDECLARED_SELECTOR = YES;
				GCC_WARN_UNINITIALIZED_AUTOS = YES_AGGRESSIVE;
				GCC_WARN_UNUSED_FUNCTION = YES;
				GCC_WARN_UNUSED_VARIABLE = YES;
				IPHONEOS_DEPLOYMENT_TARGET = 8.0;
				METAL_ENABLE_DEBUG_INFO = NO;
				SDKROOT = iphoneos;
				TARGETED_DEVICE_FAMILY = "1,2";
				VALIDATE_PRODUCT = YES;
			};
			name = Release;
		};
		9D43D7B5195AA2060056F9E5 /* Debug */ = {
			isa = XCBuildConfiguration;
			buildSettings = {
				ASSETCATALOG_COMPILER_APPICON_NAME = AppIcon;
				ASSETCATALOG_COMPILER_LAUNCHIMAGE_NAME = LaunchImage;
				INFOPLIST_FILE = "Drawing Lines/Info.plist";
				LD_RUNPATH_SEARCH_PATHS = "$(inherited) @executable_path/Frameworks";
				PRODUCT_BUNDLE_IDENTIFIER = com.pixolity.ios.cookbook.app;
				PRODUCT_NAME = "$(TARGET_NAME)";
			};
			name = Debug;
		};
		9D43D7B6195AA2060056F9E5 /* Release */ = {
			isa = XCBuildConfiguration;
			buildSettings = {
				ASSETCATALOG_COMPILER_APPICON_NAME = AppIcon;
				ASSETCATALOG_COMPILER_LAUNCHIMAGE_NAME = LaunchImage;
				INFOPLIST_FILE = "Drawing Lines/Info.plist";
				LD_RUNPATH_SEARCH_PATHS = "$(inherited) @executable_path/Frameworks";
				PRODUCT_BUNDLE_IDENTIFIER = com.pixolity.ios.cookbook.app;
				PRODUCT_NAME = "$(TARGET_NAME)";
			};
			name = Release;
		};
		9D43D7B8195AA2060056F9E5 /* Debug */ = {
			isa = XCBuildConfiguration;
			buildSettings = {
				BUNDLE_LOADER = "$(BUILT_PRODUCTS_DIR)/Drawing Lines.app/Drawing Lines";
				FRAMEWORK_SEARCH_PATHS = (
					"$(SDKROOT)/Developer/Library/Frameworks",
					"$(inherited)",
				);
				GCC_PREPROCESSOR_DEFINITIONS = (
					"DEBUG=1",
					"$(inherited)",
				);
				INFOPLIST_FILE = "Drawing LinesTests/Info.plist";
				LD_RUNPATH_SEARCH_PATHS = "$(inherited) @executable_path/Frameworks @loader_path/Frameworks";
				METAL_ENABLE_DEBUG_INFO = YES;
				PRODUCT_BUNDLE_IDENTIFIER = com.pixolity.ios.cookbook.app;
				PRODUCT_NAME = "$(TARGET_NAME)";
				TEST_HOST = "$(BUNDLE_LOADER)";
			};
			name = Debug;
		};
		9D43D7B9195AA2060056F9E5 /* Release */ = {
			isa = XCBuildConfiguration;
			buildSettings = {
				BUNDLE_LOADER = "$(BUILT_PRODUCTS_DIR)/Drawing Lines.app/Drawing Lines";
				FRAMEWORK_SEARCH_PATHS = (
					"$(SDKROOT)/Developer/Library/Frameworks",
					"$(inherited)",
				);
				INFOPLIST_FILE = "Drawing LinesTests/Info.plist";
				LD_RUNPATH_SEARCH_PATHS = "$(inherited) @executable_path/Frameworks @loader_path/Frameworks";
				METAL_ENABLE_DEBUG_INFO = NO;
				PRODUCT_BUNDLE_IDENTIFIER = com.pixolity.ios.cookbook.app;
				PRODUCT_NAME = "$(TARGET_NAME)";
				TEST_HOST = "$(BUNDLE_LOADER)";
			};
			name = Release;
		};
/* End XCBuildConfiguration section */

/* Begin XCConfigurationList section */
		9D43D793195AA2060056F9E5 /* Build configuration list for PBXProject "Drawing Lines" */ = {
			isa = XCConfigurationList;
			buildConfigurations = (
				9D43D7B2195AA2060056F9E5 /* Debug */,
				9D43D7B3195AA2060056F9E5 /* Release */,
			);
			defaultConfigurationIsVisible = 0;
			defaultConfigurationName = Release;
		};
		9D43D7B4195AA2060056F9E5 /* Build configuration list for PBXNativeTarget "Drawing Lines" */ = {
			isa = XCConfigurationList;
			buildConfigurations = (
				9D43D7B5195AA2060056F9E5 /* Debug */,
				9D43D7B6195AA2060056F9E5 /* Release */,
			);
			defaultConfigurationIsVisible = 0;
			defaultConfigurationName = Release;
		};
		9D43D7B7195AA2060056F9E5 /* Build configuration list for PBXNativeTarget "Drawing LinesTests" */ = {
			isa = XCConfigurationList;
			buildConfigurations = (
				9D43D7B8195AA2060056F9E5 /* Debug */,
				9D43D7B9195AA2060056F9E5 /* Release */,
			);
			defaultConfigurationIsVisible = 0;
			defaultConfigurationName = Release;
		};
/* End XCConfigurationList section */
	};
	rootObject = 9D43D790195AA2060056F9E5 /* Project object */;
}
