// !$*UTF8*$!
{
	archiveVersion = 1;
	classes = {
	};
	objectVersion = 46;
	objects = {

/* Begin PBXBuildFile section */
		A6D2E11F197ABC3800EAD72D /* AppDelegate.swift in Sources */ = {isa = PBXBuildFile; fileRef = A6D2E11E197ABC3800EAD72D /* AppDelegate.swift */; };
		A6D2E121197ABC3800EAD72D /* ViewController.swift in Sources */ = {isa = PBXBuildFile; fileRef = A6D2E120197ABC3800EAD72D /* ViewController.swift */; };
		A6D2E124197ABC3800EAD72D /* Main.storyboard in Resources */ = {isa = PBXBuildFile; fileRef = A6D2E122197ABC3800EAD72D /* Main.storyboard */; };
		A6D2E126197ABC3800EAD72D /* Images.xcassets in Resources */ = {isa = PBXBuildFile; fileRef = A6D2E125197ABC3800EAD72D /* Images.xcassets */; };
		A6D2E132197ABC3800EAD72D /* Observing_Changes_to_Records_in_CloudKitTests.swift in Sources */ = {isa = PBXBuildFile; fileRef = A6D2E131197ABC3800EAD72D /* Observing_Changes_to_Records_in_CloudKitTests.swift */; };
		A6D2E13D197ABC7000EAD72D /* CloudKit.framework in Frameworks */ = {isa = PBXBuildFile; fileRef = A6D2E13C197ABC7000EAD72D /* CloudKit.framework */; };
		A6D2E13F197AC7E700EAD72D /* Localizable.strings in Resources */ = {isa = PBXBuildFile; fileRef = A6D2E13E197AC7E700EAD72D /* Localizable.strings */; };
/* End PBXBuildFile section */

/* Begin PBXContainerItemProxy section */
		A6D2E12C197ABC3800EAD72D /* PBXContainerItemProxy */ = {
			isa = PBXContainerItemProxy;
			containerPortal = A6D2E111197ABC3800EAD72D /* Project object */;
			proxyType = 1;
			remoteGlobalIDString = A6D2E118197ABC3800EAD72D;
			remoteInfo = "Observing Changes to Records in CloudKit";
		};
/* End PBXContainerItemProxy section */

/* Begin PBXFileReference section */
		A6D2E119197ABC3800EAD72D /* Observing Changes to Records in CloudKit.app */ = {isa = PBXFileReference; explicitFileType = wrapper.application; includeInIndex = 0; path = "Observing Changes to Records in CloudKit.app"; sourceTree = BUILT_PRODUCTS_DIR; };
		A6D2E11D197ABC3800EAD72D /* Info.plist */ = {isa = PBXFileReference; lastKnownFileType = text.plist.xml; path = Info.plist; sourceTree = "<group>"; };
		A6D2E11E197ABC3800EAD72D /* AppDelegate.swift */ = {isa = PBXFileReference; lastKnownFileType = sourcecode.swift; path = AppDelegate.swift; sourceTree = "<group>"; };
		A6D2E120197ABC3800EAD72D /* ViewController.swift */ = {isa = PBXFileReference; lastKnownFileType = sourcecode.swift; path = ViewController.swift; sourceTree = "<group>"; };
		A6D2E123197ABC3800EAD72D /* Base */ = {isa = PBXFileReference; lastKnownFileType = file.storyboard; name = Base; path = Base.lproj/Main.storyboard; sourceTree = "<group>"; };
		A6D2E125197ABC3800EAD72D /* Images.xcassets */ = {isa = PBXFileReference; lastKnownFileType = folder.assetcatalog; path = Images.xcassets; sourceTree = "<group>"; };
		A6D2E12B197ABC3800EAD72D /* Observing Changes to Records in CloudKitTests.xctest */ = {isa = PBXFileReference; explicitFileType = wrapper.cfbundle; includeInIndex = 0; path = "Observing Changes to Records in CloudKitTests.xctest"; sourceTree = BUILT_PRODUCTS_DIR; };
		A6D2E130197ABC3800EAD72D /* Info.plist */ = {isa = PBXFileReference; lastKnownFileType = text.plist.xml; path = Info.plist; sourceTree = "<group>"; };
		A6D2E131197ABC3800EAD72D /* Observing_Changes_to_Records_in_CloudKitTests.swift */ = {isa = PBXFileReference; lastKnownFileType = sourcecode.swift; path = Observing_Changes_to_Records_in_CloudKitTests.swift; sourceTree = "<group>"; };
		A6D2E13B197ABC5800EAD72D /* Observing Changes to Records in CloudKit.entitlements */ = {isa = PBXFileReference; lastKnownFileType = text.xml; path = "Observing Changes to Records in CloudKit.entitlements"; sourceTree = "<group>"; };
		A6D2E13C197ABC7000EAD72D /* CloudKit.framework */ = {isa = PBXFileReference; lastKnownFileType = wrapper.framework; name = CloudKit.framework; path = System/Library/Frameworks/CloudKit.framework; sourceTree = SDKROOT; };
		A6D2E13E197AC7E700EAD72D /* Localizable.strings */ = {isa = PBXFileReference; fileEncoding = 4; lastKnownFileType = text.plist.strings; path = Localizable.strings; sourceTree = "<group>"; };
/* End PBXFileReference section */

/* Begin PBXFrameworksBuildPhase section */
		A6D2E116197ABC3800EAD72D /* Frameworks */ = {
			isa = PBXFrameworksBuildPhase;
			buildActionMask = 2147483647;
			files = (
				A6D2E13D197ABC7000EAD72D /* CloudKit.framework in Frameworks */,
			);
			runOnlyForDeploymentPostprocessing = 0;
		};
		A6D2E128197ABC3800EAD72D /* Frameworks */ = {
			isa = PBXFrameworksBuildPhase;
			buildActionMask = 2147483647;
			files = (
			);
			runOnlyForDeploymentPostprocessing = 0;
		};
/* End PBXFrameworksBuildPhase section */

/* Begin PBXGroup section */
		A6D2E110197ABC3800EAD72D = {
			isa = PBXGroup;
			children = (
				A6D2E13C197ABC7000EAD72D /* CloudKit.framework */,
				A6D2E11B197ABC3800EAD72D /* Observing Changes to Records in CloudKit */,
				A6D2E12E197ABC3800EAD72D /* Observing Changes to Records in CloudKitTests */,
				A6D2E11A197ABC3800EAD72D /* Products */,
			);
			sourceTree = "<group>";
		};
		A6D2E11A197ABC3800EAD72D /* Products */ = {
			isa = PBXGroup;
			children = (
				A6D2E119197ABC3800EAD72D /* Observing Changes to Records in CloudKit.app */,
				A6D2E12B197ABC3800EAD72D /* Observing Changes to Records in CloudKitTests.xctest */,
			);
			name = Products;
			sourceTree = "<group>";
		};
		A6D2E11B197ABC3800EAD72D /* Observing Changes to Records in CloudKit */ = {
			isa = PBXGroup;
			children = (
				A6D2E13B197ABC5800EAD72D /* Observing Changes to Records in CloudKit.entitlements */,
				A6D2E11E197ABC3800EAD72D /* AppDelegate.swift */,
				A6D2E120197ABC3800EAD72D /* ViewController.swift */,
				A6D2E122197ABC3800EAD72D /* Main.storyboard */,
				A6D2E125197ABC3800EAD72D /* Images.xcassets */,
				A6D2E11C197ABC3800EAD72D /* Supporting Files */,
				A6D2E13E197AC7E700EAD72D /* Localizable.strings */,
			);
			path = "Observing Changes to Records in CloudKit";
			sourceTree = "<group>";
		};
		A6D2E11C197ABC3800EAD72D /* Supporting Files */ = {
			isa = PBXGroup;
			children = (
				A6D2E11D197ABC3800EAD72D /* Info.plist */,
			);
			name = "Supporting Files";
			sourceTree = "<group>";
		};
		A6D2E12E197ABC3800EAD72D /* Observing Changes to Records in CloudKitTests */ = {
			isa = PBXGroup;
			children = (
				A6D2E131197ABC3800EAD72D /* Observing_Changes_to_Records_in_CloudKitTests.swift */,
				A6D2E12F197ABC3800EAD72D /* Supporting Files */,
			);
			path = "Observing Changes to Records in CloudKitTests";
			sourceTree = "<group>";
		};
		A6D2E12F197ABC3800EAD72D /* Supporting Files */ = {
			isa = PBXGroup;
			children = (
				A6D2E130197ABC3800EAD72D /* Info.plist */,
			);
			name = "Supporting Files";
			sourceTree = "<group>";
		};
/* End PBXGroup section */

/* Begin PBXNativeTarget section */
		A6D2E118197ABC3800EAD72D /* Observing Changes to Records in CloudKit */ = {
			isa = PBXNativeTarget;
			buildConfigurationList = A6D2E135197ABC3800EAD72D /* Build configuration list for PBXNativeTarget "Observing Changes to Records in CloudKit" */;
			buildPhases = (
				A6D2E115197ABC3800EAD72D /* Sources */,
				A6D2E116197ABC3800EAD72D /* Frameworks */,
				A6D2E117197ABC3800EAD72D /* Resources */,
			);
			buildRules = (
			);
			dependencies = (
			);
			name = "Observing Changes to Records in CloudKit";
			productName = "Observing Changes to Records in CloudKit";
			productReference = A6D2E119197ABC3800EAD72D /* Observing Changes to Records in CloudKit.app */;
			productType = "com.apple.product-type.application";
		};
		A6D2E12A197ABC3800EAD72D /* Observing Changes to Records in CloudKitTests */ = {
			isa = PBXNativeTarget;
			buildConfigurationList = A6D2E138197ABC3800EAD72D /* Build configuration list for PBXNativeTarget "Observing Changes to Records in CloudKitTests" */;
			buildPhases = (
				A6D2E127197ABC3800EAD72D /* Sources */,
				A6D2E128197ABC3800EAD72D /* Frameworks */,
				A6D2E129197ABC3800EAD72D /* Resources */,
			);
			buildRules = (
			);
			dependencies = (
				A6D2E12D197ABC3800EAD72D /* PBXTargetDependency */,
			);
			name = "Observing Changes to Records in CloudKitTests";
			productName = "Observing Changes to Records in CloudKitTests";
			productReference = A6D2E12B197ABC3800EAD72D /* Observing Changes to Records in CloudKitTests.xctest */;
			productType = "com.apple.product-type.bundle.unit-test";
		};
/* End PBXNativeTarget section */

/* Begin PBXProject section */
		A6D2E111197ABC3800EAD72D /* Project object */ = {
			isa = PBXProject;
			attributes = {
				LastUpgradeCheck = 0600;
				ORGANIZATIONNAME = "Pixolity Ltd.";
				TargetAttributes = {
					A6D2E118197ABC3800EAD72D = {
						CreatedOnToolsVersion = 6.0;
						DevelopmentTeam = F3FU372W5M;
						SystemCapabilities = {
							com.apple.BackgroundModes = {
								enabled = 1;
							};
							com.apple.iCloud = {
								enabled = 1;
							};
						};
					};
					A6D2E12A197ABC3800EAD72D = {
						CreatedOnToolsVersion = 6.0;
						TestTargetID = A6D2E118197ABC3800EAD72D;
					};
				};
			};
			buildConfigurationList = A6D2E114197ABC3800EAD72D /* Build configuration list for PBXProject "Observing Changes to Records in CloudKit" */;
			compatibilityVersion = "Xcode 3.2";
			developmentRegion = English;
			hasScannedForEncodings = 0;
			knownRegions = (
				en,
				Base,
			);
			mainGroup = A6D2E110197ABC3800EAD72D;
			productRefGroup = A6D2E11A197ABC3800EAD72D /* Products */;
			projectDirPath = "";
			projectRoot = "";
			targets = (
				A6D2E118197ABC3800EAD72D /* Observing Changes to Records in CloudKit */,
				A6D2E12A197ABC3800EAD72D /* Observing Changes to Records in CloudKitTests */,
			);
		};
/* End PBXProject section */

/* Begin PBXResourcesBuildPhase section */
		A6D2E117197ABC3800EAD72D /* Resources */ = {
			isa = PBXResourcesBuildPhase;
			buildActionMask = 2147483647;
			files = (
				A6D2E124197ABC3800EAD72D /* Main.storyboard in Resources */,
				A6D2E13F197AC7E700EAD72D /* Localizable.strings in Resources */,
				A6D2E126197ABC3800EAD72D /* Images.xcassets in Resources */,
			);
			runOnlyForDeploymentPostprocessing = 0;
		};
		A6D2E129197ABC3800EAD72D /* Resources */ = {
			isa = PBXResourcesBuildPhase;
			buildActionMask = 2147483647;
			files = (
			);
			runOnlyForDeploymentPostprocessing = 0;
		};
/* End PBXResourcesBuildPhase section */

/* Begin PBXSourcesBuildPhase section */
		A6D2E115197ABC3800EAD72D /* Sources */ = {
			isa = PBXSourcesBuildPhase;
			buildActionMask = 2147483647;
			files = (
				A6D2E121197ABC3800EAD72D /* ViewController.swift in Sources */,
				A6D2E11F197ABC3800EAD72D /* AppDelegate.swift in Sources */,
			);
			runOnlyForDeploymentPostprocessing = 0;
		};
		A6D2E127197ABC3800EAD72D /* Sources */ = {
			isa = PBXSourcesBuildPhase;
			buildActionMask = 2147483647;
			files = (
				A6D2E132197ABC3800EAD72D /* Observing_Changes_to_Records_in_CloudKitTests.swift in Sources */,
			);
			runOnlyForDeploymentPostprocessing = 0;
		};
/* End PBXSourcesBuildPhase section */

/* Begin PBXTargetDependency section */
		A6D2E12D197ABC3800EAD72D /* PBXTargetDependency */ = {
			isa = PBXTargetDependency;
			target = A6D2E118197ABC3800EAD72D /* Observing Changes to Records in CloudKit */;
			targetProxy = A6D2E12C197ABC3800EAD72D /* PBXContainerItemProxy */;
		};
/* End PBXTargetDependency section */

/* Begin PBXVariantGroup section */
		A6D2E122197ABC3800EAD72D /* Main.storyboard */ = {
			isa = PBXVariantGroup;
			children = (
				A6D2E123197ABC3800EAD72D /* Base */,
			);
			name = Main.storyboard;
			sourceTree = "<group>";
		};
/* End PBXVariantGroup section */

/* Begin XCBuildConfiguration section */
		A6D2E133197ABC3800EAD72D /* Debug */ = {
			isa = XCBuildConfiguration;
			buildSettings = {
				ALWAYS_SEARCH_USER_PATHS = NO;
				CLANG_CXX_LANGUAGE_STANDARD = "gnu++0x";
				CLANG_CXX_LIBRARY = "libc++";
				CLANG_ENABLE_MODULES = YES;
				CLANG_ENABLE_OBJC_ARC = YES;
				CLANG_WARN_BOOL_CONVERSION = YES;
				CLANG_WARN_CONSTANT_CONVERSION = YES;
				CLANG_WARN_DIRECT_OBJC_ISA_USAGE = YES_ERROR;
				CLANG_WARN_EMPTY_BODY = YES;
				CLANG_WARN_ENUM_CONVERSION = YES;
				CLANG_WARN_INT_CONVERSION = YES;
				CLANG_WARN_OBJC_ROOT_CLASS = YES_ERROR;
				CLANG_WARN_UNREACHABLE_CODE = YES;
				CLANG_WARN__DUPLICATE_METHOD_MATCH = YES;
				"CODE_SIGN_IDENTITY[sdk=iphoneos*]" = "iPhone Developer";
				COPY_PHASE_STRIP = NO;
				ENABLE_STRICT_OBJC_MSGSEND = YES;
				GCC_C_LANGUAGE_STANDARD = gnu99;
				GCC_DYNAMIC_NO_PIC = NO;
				GCC_OPTIMIZATION_LEVEL = 0;
				GCC_PREPROCESSOR_DEFINITIONS = (
					"DEBUG=1",
					"$(inherited)",
				);
				GCC_SYMBOLS_PRIVATE_EXTERN = NO;
				GCC_WARN_64_TO_32_BIT_CONVERSION = YES;
				GCC_WARN_ABOUT_RETURN_TYPE = YES_ERROR;
				GCC_WARN_UNDECLARED_SELECTOR = YES;
				GCC_WARN_UNINITIALIZED_AUTOS = YES_AGGRESSIVE;
				GCC_WARN_UNUSED_FUNCTION = YES;
				GCC_WARN_UNUSED_VARIABLE = YES;
				IPHONEOS_DEPLOYMENT_TARGET = 8.0;
				MTL_ENABLE_DEBUG_INFO = YES;
				ONLY_ACTIVE_ARCH = YES;
				SDKROOT = iphoneos;
				SWIFT_OPTIMIZATION_LEVEL = "-Onone";
				TARGETED_DEVICE_FAMILY = "1,2";
			};
			name = Debug;
		};
		A6D2E134197ABC3800EAD72D /* Release */ = {
			isa = XCBuildConfiguration;
			buildSettings = {
				ALWAYS_SEARCH_USER_PATHS = NO;
				CLANG_CXX_LANGUAGE_STANDARD = "gnu++0x";
				CLANG_CXX_LIBRARY = "libc++";
				CLANG_ENABLE_MODULES = YES;
				CLANG_ENABLE_OBJC_ARC = YES;
				CLANG_WARN_BOOL_CONVERSION = YES;
				CLANG_WARN_CONSTANT_CONVERSION = YES;
				CLANG_WARN_DIRECT_OBJC_ISA_USAGE = YES_ERROR;
				CLANG_WARN_EMPTY_BODY = YES;
				CLANG_WARN_ENUM_CONVERSION = YES;
				CLANG_WARN_INT_CONVERSION = YES;
				CLANG_WARN_OBJC_ROOT_CLASS = YES_ERROR;
				CLANG_WARN_UNREACHABLE_CODE = YES;
				CLANG_WARN__DUPLICATE_METHOD_MATCH = YES;
				"CODE_SIGN_IDENTITY[sdk=iphoneos*]" = "iPhone Developer";
				COPY_PHASE_STRIP = YES;
				ENABLE_NS_ASSERTIONS = NO;
				ENABLE_STRICT_OBJC_MSGSEND = YES;
				GCC_C_LANGUAGE_STANDARD = gnu99;
				GCC_WARN_64_TO_32_BIT_CONVERSION = YES;
				GCC_WARN_ABOUT_RETURN_TYPE = YES_ERROR;
				GCC_WARN_UNDECLARED_SELECTOR = YES;
				GCC_WARN_UNINITIALIZED_AUTOS = YES_AGGRESSIVE;
				GCC_WARN_UNUSED_FUNCTION = YES;
				GCC_WARN_UNUSED_VARIABLE = YES;
				IPHONEOS_DEPLOYMENT_TARGET = 8.0;
				MTL_ENABLE_DEBUG_INFO = NO;
				SDKROOT = iphoneos;
				TARGETED_DEVICE_FAMILY = "1,2";
				VALIDATE_PRODUCT = YES;
			};
			name = Release;
		};
		A6D2E136197ABC3800EAD72D /* Debug */ = {
			isa = XCBuildConfiguration;
			buildSettings = {
				ASSETCATALOG_COMPILER_APPICON_NAME = AppIcon;
				ASSETCATALOG_COMPILER_LAUNCHIMAGE_NAME = LaunchImage;
				CODE_SIGN_ENTITLEMENTS = "Observing Changes to Records in CloudKit/Observing Changes to Records in CloudKit.entitlements";
				CODE_SIGN_IDENTITY = "iPhone Developer: Vandad Nahavandipoor (J54K6K24Z3)";
				INFOPLIST_FILE = "Observing Changes to Records in CloudKit/Info.plist";
				LD_RUNPATH_SEARCH_PATHS = "$(inherited) @executable_path/Frameworks";
				PRODUCT_NAME = "$(TARGET_NAME)";
				PROVISIONING_PROFILE = "5c3e7b9b-e609-4b87-b960-62efcc90d867";
			};
			name = Debug;
		};
		A6D2E137197ABC3800EAD72D /* Release */ = {
			isa = XCBuildConfiguration;
			buildSettings = {
				ASSETCATALOG_COMPILER_APPICON_NAME = AppIcon;
				ASSETCATALOG_COMPILER_LAUNCHIMAGE_NAME = LaunchImage;
				CODE_SIGN_ENTITLEMENTS = "Observing Changes to Records in CloudKit/Observing Changes to Records in CloudKit.entitlements";
				INFOPLIST_FILE = "Observing Changes to Records in CloudKit/Info.plist";
				LD_RUNPATH_SEARCH_PATHS = "$(inherited) @executable_path/Frameworks";
				PRODUCT_NAME = "$(TARGET_NAME)";
				PROVISIONING_PROFILE = "5c3e7b9b-e609-4b87-b960-62efcc90d867";
			};
			name = Release;
		};
		A6D2E139197ABC3800EAD72D /* Debug */ = {
			isa = XCBuildConfiguration;
			buildSettings = {
				BUNDLE_LOADER = "$(BUILT_PRODUCTS_DIR)/Observing Changes to Records in CloudKit.app/Observing Changes to Records in CloudKit";
				FRAMEWORK_SEARCH_PATHS = (
					"$(SDKROOT)/Developer/Library/Frameworks",
					"$(inherited)",
				);
				GCC_PREPROCESSOR_DEFINITIONS = (
					"DEBUG=1",
					"$(inherited)",
				);
				INFOPLIST_FILE = "Observing Changes to Records in CloudKitTests/Info.plist";
				LD_RUNPATH_SEARCH_PATHS = "$(inherited) @executable_path/Frameworks @loader_path/Frameworks";
				PRODUCT_NAME = "$(TARGET_NAME)";
				TEST_HOST = "$(BUNDLE_LOADER)";
			};
			name = Debug;
		};
		A6D2E13A197ABC3800EAD72D /* Release */ = {
			isa = XCBuildConfiguration;
			buildSettings = {
				BUNDLE_LOADER = "$(BUILT_PRODUCTS_DIR)/Observing Changes to Records in CloudKit.app/Observing Changes to Records in CloudKit";
				FRAMEWORK_SEARCH_PATHS = (
					"$(SDKROOT)/Developer/Library/Frameworks",
					"$(inherited)",
				);
				INFOPLIST_FILE = "Observing Changes to Records in CloudKitTests/Info.plist";
				LD_RUNPATH_SEARCH_PATHS = "$(inherited) @executable_path/Frameworks @loader_path/Frameworks";
				PRODUCT_NAME = "$(TARGET_NAME)";
				TEST_HOST = "$(BUNDLE_LOADER)";
			};
			name = Release;
		};
/* End XCBuildConfiguration section */

/* Begin XCConfigurationList section */
		A6D2E114197ABC3800EAD72D /* Build configuration list for PBXProject "Observing Changes to Records in CloudKit" */ = {
			isa = XCConfigurationList;
			buildConfigurations = (
				A6D2E133197ABC3800EAD72D /* Debug */,
				A6D2E134197ABC3800EAD72D /* Release */,
			);
			defaultConfigurationIsVisible = 0;
			defaultConfigurationName = Release;
		};
		A6D2E135197ABC3800EAD72D /* Build configuration list for PBXNativeTarget "Observing Changes to Records in CloudKit" */ = {
			isa = XCConfigurationList;
			buildConfigurations = (
				A6D2E136197ABC3800EAD72D /* Debug */,
				A6D2E137197ABC3800EAD72D /* Release */,
			);
			defaultConfigurationIsVisible = 0;
		};
		A6D2E138197ABC3800EAD72D /* Build configuration list for PBXNativeTarget "Observing Changes to Records in CloudKitTests" */ = {
			isa = XCConfigurationList;
			buildConfigurations = (
				A6D2E139197ABC3800EAD72D /* Debug */,
				A6D2E13A197ABC3800EAD72D /* Release */,
			);
			defaultConfigurationIsVisible = 0;
		};
/* End XCConfigurationList section */
	};
	rootObject = A6D2E111197ABC3800EAD72D /* Project object */;
}
