// !$*UTF8*$!
{
	archiveVersion = 1;
	classes = {
	};
	objectVersion = 46;
	objects = {

/* Begin PBXBuildFile section */
		9DA995D7196DC02E00BBD8EF /* AppDelegate.swift in Sources */ = {isa = PBXBuildFile; fileRef = 9DA995D6196DC02E00BBD8EF /* AppDelegate.swift */; };
		9DA995D9196DC02E00BBD8EF /* ViewController.swift in Sources */ = {isa = PBXBuildFile; fileRef = 9DA995D8196DC02E00BBD8EF /* ViewController.swift */; };
		9DA995DC196DC02E00BBD8EF /* Main.storyboard in Resources */ = {isa = PBXBuildFile; fileRef = 9DA995DA196DC02E00BBD8EF /* Main.storyboard */; };
		9DA995DE196DC02E00BBD8EF /* Images.xcassets in Resources */ = {isa = PBXBuildFile; fileRef = 9DA995DD196DC02E00BBD8EF /* Images.xcassets */; };
		9DA995EA196DC02E00BBD8EF /* Handling_Timeouts_in_Asynchronous_ConnectionsTests.swift in Sources */ = {isa = PBXBuildFile; fileRef = 9DA995E9196DC02E00BBD8EF /* Handling_Timeouts_in_Asynchronous_ConnectionsTests.swift */; };
/* End PBXBuildFile section */

/* Begin PBXContainerItemProxy section */
		9DA995E4196DC02E00BBD8EF /* PBXContainerItemProxy */ = {
			isa = PBXContainerItemProxy;
			containerPortal = 9DA995C9196DC02E00BBD8EF /* Project object */;
			proxyType = 1;
			remoteGlobalIDString = 9DA995D0196DC02E00BBD8EF;
			remoteInfo = "Handling Timeouts in Asynchronous Connections";
		};
/* End PBXContainerItemProxy section */

/* Begin PBXFileReference section */
		9DA995D1196DC02E00BBD8EF /* Handling Timeouts in Asynchronous Connections.app */ = {isa = PBXFileReference; explicitFileType = wrapper.application; includeInIndex = 0; path = "Handling Timeouts in Asynchronous Connections.app"; sourceTree = BUILT_PRODUCTS_DIR; };
		9DA995D5196DC02E00BBD8EF /* Info.plist */ = {isa = PBXFileReference; lastKnownFileType = text.plist.xml; path = Info.plist; sourceTree = "<group>"; };
		9DA995D6196DC02E00BBD8EF /* AppDelegate.swift */ = {isa = PBXFileReference; lastKnownFileType = sourcecode.swift; path = AppDelegate.swift; sourceTree = "<group>"; };
		9DA995D8196DC02E00BBD8EF /* ViewController.swift */ = {isa = PBXFileReference; lastKnownFileType = sourcecode.swift; path = ViewController.swift; sourceTree = "<group>"; };
		9DA995DB196DC02E00BBD8EF /* Base */ = {isa = PBXFileReference; lastKnownFileType = file.storyboard; name = Base; path = Base.lproj/Main.storyboard; sourceTree = "<group>"; };
		9DA995DD196DC02E00BBD8EF /* Images.xcassets */ = {isa = PBXFileReference; lastKnownFileType = folder.assetcatalog; path = Images.xcassets; sourceTree = "<group>"; };
		9DA995E3196DC02E00BBD8EF /* Handling Timeouts in Asynchronous ConnectionsTests.xctest */ = {isa = PBXFileReference; explicitFileType = wrapper.cfbundle; includeInIndex = 0; path = "Handling Timeouts in Asynchronous ConnectionsTests.xctest"; sourceTree = BUILT_PRODUCTS_DIR; };
		9DA995E8196DC02E00BBD8EF /* Info.plist */ = {isa = PBXFileReference; lastKnownFileType = text.plist.xml; path = Info.plist; sourceTree = "<group>"; };
		9DA995E9196DC02E00BBD8EF /* Handling_Timeouts_in_Asynchronous_ConnectionsTests.swift */ = {isa = PBXFileReference; lastKnownFileType = sourcecode.swift; path = Handling_Timeouts_in_Asynchronous_ConnectionsTests.swift; sourceTree = "<group>"; };
/* End PBXFileReference section */

/* Begin PBXFrameworksBuildPhase section */
		9DA995CE196DC02E00BBD8EF /* Frameworks */ = {
			isa = PBXFrameworksBuildPhase;
			buildActionMask = 2147483647;
			files = (
			);
			runOnlyForDeploymentPostprocessing = 0;
		};
		9DA995E0196DC02E00BBD8EF /* Frameworks */ = {
			isa = PBXFrameworksBuildPhase;
			buildActionMask = 2147483647;
			files = (
			);
			runOnlyForDeploymentPostprocessing = 0;
		};
/* End PBXFrameworksBuildPhase section */

/* Begin PBXGroup section */
		9DA995C8196DC02E00BBD8EF = {
			isa = PBXGroup;
			children = (
				9DA995D3196DC02E00BBD8EF /* Handling Timeouts in Asynchronous Connections */,
				9DA995E6196DC02E00BBD8EF /* Handling Timeouts in Asynchronous ConnectionsTests */,
				9DA995D2196DC02E00BBD8EF /* Products */,
			);
			sourceTree = "<group>";
		};
		9DA995D2196DC02E00BBD8EF /* Products */ = {
			isa = PBXGroup;
			children = (
				9DA995D1196DC02E00BBD8EF /* Handling Timeouts in Asynchronous Connections.app */,
				9DA995E3196DC02E00BBD8EF /* Handling Timeouts in Asynchronous ConnectionsTests.xctest */,
			);
			name = Products;
			sourceTree = "<group>";
		};
		9DA995D3196DC02E00BBD8EF /* Handling Timeouts in Asynchronous Connections */ = {
			isa = PBXGroup;
			children = (
				9DA995D6196DC02E00BBD8EF /* AppDelegate.swift */,
				9DA995D8196DC02E00BBD8EF /* ViewController.swift */,
				9DA995DA196DC02E00BBD8EF /* Main.storyboard */,
				9DA995DD196DC02E00BBD8EF /* Images.xcassets */,
				9DA995D4196DC02E00BBD8EF /* Supporting Files */,
			);
			path = "Handling Timeouts in Asynchronous Connections";
			sourceTree = "<group>";
		};
		9DA995D4196DC02E00BBD8EF /* Supporting Files */ = {
			isa = PBXGroup;
			children = (
				9DA995D5196DC02E00BBD8EF /* Info.plist */,
			);
			name = "Supporting Files";
			sourceTree = "<group>";
		};
		9DA995E6196DC02E00BBD8EF /* Handling Timeouts in Asynchronous ConnectionsTests */ = {
			isa = PBXGroup;
			children = (
				9DA995E9196DC02E00BBD8EF /* Handling_Timeouts_in_Asynchronous_ConnectionsTests.swift */,
				9DA995E7196DC02E00BBD8EF /* Supporting Files */,
			);
			path = "Handling Timeouts in Asynchronous ConnectionsTests";
			sourceTree = "<group>";
		};
		9DA995E7196DC02E00BBD8EF /* Supporting Files */ = {
			isa = PBXGroup;
			children = (
				9DA995E8196DC02E00BBD8EF /* Info.plist */,
			);
			name = "Supporting Files";
			sourceTree = "<group>";
		};
/* End PBXGroup section */

/* Begin PBXNativeTarget section */
		9DA995D0196DC02E00BBD8EF /* Handling Timeouts in Asynchronous Connections */ = {
			isa = PBXNativeTarget;
			buildConfigurationList = 9DA995ED196DC02E00BBD8EF /* Build configuration list for PBXNativeTarget "Handling Timeouts in Asynchronous Connections" */;
			buildPhases = (
				9DA995CD196DC02E00BBD8EF /* Sources */,
				9DA995CE196DC02E00BBD8EF /* Frameworks */,
				9DA995CF196DC02E00BBD8EF /* Resources */,
			);
			buildRules = (
			);
			dependencies = (
			);
			name = "Handling Timeouts in Asynchronous Connections";
			productName = "Handling Timeouts in Asynchronous Connections";
			productReference = 9DA995D1196DC02E00BBD8EF /* Handling Timeouts in Asynchronous Connections.app */;
			productType = "com.apple.product-type.application";
		};
		9DA995E2196DC02E00BBD8EF /* Handling Timeouts in Asynchronous ConnectionsTests */ = {
			isa = PBXNativeTarget;
			buildConfigurationList = 9DA995F0196DC02E00BBD8EF /* Build configuration list for PBXNativeTarget "Handling Timeouts in Asynchronous ConnectionsTests" */;
			buildPhases = (
				9DA995DF196DC02E00BBD8EF /* Sources */,
				9DA995E0196DC02E00BBD8EF /* Frameworks */,
				9DA995E1196DC02E00BBD8EF /* Resources */,
			);
			buildRules = (
			);
			dependencies = (
				9DA995E5196DC02E00BBD8EF /* PBXTargetDependency */,
			);
			name = "Handling Timeouts in Asynchronous ConnectionsTests";
			productName = "Handling Timeouts in Asynchronous ConnectionsTests";
			productReference = 9DA995E3196DC02E00BBD8EF /* Handling Timeouts in Asynchronous ConnectionsTests.xctest */;
			productType = "com.apple.product-type.bundle.unit-test";
		};
/* End PBXNativeTarget section */

/* Begin PBXProject section */
		9DA995C9196DC02E00BBD8EF /* Project object */ = {
			isa = PBXProject;
			attributes = {
				LastUpgradeCheck = 0600;
				ORGANIZATIONNAME = "Pixolity Ltd.";
				TargetAttributes = {
					9DA995D0196DC02E00BBD8EF = {
						CreatedOnToolsVersion = 6.0;
					};
					9DA995E2196DC02E00BBD8EF = {
						CreatedOnToolsVersion = 6.0;
						TestTargetID = 9DA995D0196DC02E00BBD8EF;
					};
				};
			};
			buildConfigurationList = 9DA995CC196DC02E00BBD8EF /* Build configuration list for PBXProject "Handling Timeouts in Asynchronous Connections" */;
			compatibilityVersion = "Xcode 3.2";
			developmentRegion = English;
			hasScannedForEncodings = 0;
			knownRegions = (
				en,
				Base,
			);
			mainGroup = 9DA995C8196DC02E00BBD8EF;
			productRefGroup = 9DA995D2196DC02E00BBD8EF /* Products */;
			projectDirPath = "";
			projectRoot = "";
			targets = (
				9DA995D0196DC02E00BBD8EF /* Handling Timeouts in Asynchronous Connections */,
				9DA995E2196DC02E00BBD8EF /* Handling Timeouts in Asynchronous ConnectionsTests */,
			);
		};
/* End PBXProject section */

/* Begin PBXResourcesBuildPhase section */
		9DA995CF196DC02E00BBD8EF /* Resources */ = {
			isa = PBXResourcesBuildPhase;
			buildActionMask = 2147483647;
			files = (
				9DA995DC196DC02E00BBD8EF /* Main.storyboard in Resources */,
				9DA995DE196DC02E00BBD8EF /* Images.xcassets in Resources */,
			);
			runOnlyForDeploymentPostprocessing = 0;
		};
		9DA995E1196DC02E00BBD8EF /* Resources */ = {
			isa = PBXResourcesBuildPhase;
			buildActionMask = 2147483647;
			files = (
			);
			runOnlyForDeploymentPostprocessing = 0;
		};
/* End PBXResourcesBuildPhase section */

/* Begin PBXSourcesBuildPhase section */
		9DA995CD196DC02E00BBD8EF /* Sources */ = {
			isa = PBXSourcesBuildPhase;
			buildActionMask = 2147483647;
			files = (
				9DA995D9196DC02E00BBD8EF /* ViewController.swift in Sources */,
				9DA995D7196DC02E00BBD8EF /* AppDelegate.swift in Sources */,
			);
			runOnlyForDeploymentPostprocessing = 0;
		};
		9DA995DF196DC02E00BBD8EF /* Sources */ = {
			isa = PBXSourcesBuildPhase;
			buildActionMask = 2147483647;
			files = (
				9DA995EA196DC02E00BBD8EF /* Handling_Timeouts_in_Asynchronous_ConnectionsTests.swift in Sources */,
			);
			runOnlyForDeploymentPostprocessing = 0;
		};
/* End PBXSourcesBuildPhase section */

/* Begin PBXTargetDependency section */
		9DA995E5196DC02E00BBD8EF /* PBXTargetDependency */ = {
			isa = PBXTargetDependency;
			target = 9DA995D0196DC02E00BBD8EF /* Handling Timeouts in Asynchronous Connections */;
			targetProxy = 9DA995E4196DC02E00BBD8EF /* PBXContainerItemProxy */;
		};
/* End PBXTargetDependency section */

/* Begin PBXVariantGroup section */
		9DA995DA196DC02E00BBD8EF /* Main.storyboard */ = {
			isa = PBXVariantGroup;
			children = (
				9DA995DB196DC02E00BBD8EF /* Base */,
			);
			name = Main.storyboard;
			sourceTree = "<group>";
		};
/* End PBXVariantGroup section */

/* Begin XCBuildConfiguration section */
		9DA995EB196DC02E00BBD8EF /* Debug */ = {
			isa = XCBuildConfiguration;
			buildSettings = {
				ALWAYS_SEARCH_USER_PATHS = NO;
				CLANG_CXX_LANGUAGE_STANDARD = "gnu++0x";
				CLANG_CXX_LIBRARY = "libc++";
				CLANG_ENABLE_MODULES = YES;
				CLANG_ENABLE_OBJC_ARC = YES;
				CLANG_WARN_BOOL_CONVERSION = YES;
				CLANG_WARN_CONSTANT_CONVERSION = YES;
				CLANG_WARN_DIRECT_OBJC_ISA_USAGE = YES_ERROR;
				CLANG_WARN_EMPTY_BODY = YES;
				CLANG_WARN_ENUM_CONVERSION = YES;
				CLANG_WARN_INT_CONVERSION = YES;
				CLANG_WARN_OBJC_ROOT_CLASS = YES_ERROR;
				CLANG_WARN_UNREACHABLE_CODE = YES;
				CLANG_WARN__DUPLICATE_METHOD_MATCH = YES;
				"CODE_SIGN_IDENTITY[sdk=iphoneos*]" = "iPhone Developer";
				COPY_PHASE_STRIP = NO;
				ENABLE_STRICT_OBJC_MSGSEND = YES;
				GCC_C_LANGUAGE_STANDARD = gnu99;
				GCC_DYNAMIC_NO_PIC = NO;
				GCC_OPTIMIZATION_LEVEL = 0;
				GCC_PREPROCESSOR_DEFINITIONS = (
					"DEBUG=1",
					"$(inherited)",
				);
				GCC_SYMBOLS_PRIVATE_EXTERN = NO;
				GCC_WARN_64_TO_32_BIT_CONVERSION = YES;
				GCC_WARN_ABOUT_RETURN_TYPE = YES_ERROR;
				GCC_WARN_UNDECLARED_SELECTOR = YES;
				GCC_WARN_UNINITIALIZED_AUTOS = YES_AGGRESSIVE;
				GCC_WARN_UNUSED_FUNCTION = YES;
				GCC_WARN_UNUSED_VARIABLE = YES;
				IPHONEOS_DEPLOYMENT_TARGET = 8.0;
				MTL_ENABLE_DEBUG_INFO = YES;
				ONLY_ACTIVE_ARCH = YES;
				SDKROOT = iphoneos;
				SWIFT_OPTIMIZATION_LEVEL = "-Onone";
				TARGETED_DEVICE_FAMILY = "1,2";
			};
			name = Debug;
		};
		9DA995EC196DC02E00BBD8EF /* Release */ = {
			isa = XCBuildConfiguration;
			buildSettings = {
				ALWAYS_SEARCH_USER_PATHS = NO;
				CLANG_CXX_LANGUAGE_STANDARD = "gnu++0x";
				CLANG_CXX_LIBRARY = "libc++";
				CLANG_ENABLE_MODULES = YES;
				CLANG_ENABLE_OBJC_ARC = YES;
				CLANG_WARN_BOOL_CONVERSION = YES;
				CLANG_WARN_CONSTANT_CONVERSION = YES;
				CLANG_WARN_DIRECT_OBJC_ISA_USAGE = YES_ERROR;
				CLANG_WARN_EMPTY_BODY = YES;
				CLANG_WARN_ENUM_CONVERSION = YES;
				CLANG_WARN_INT_CONVERSION = YES;
				CLANG_WARN_OBJC_ROOT_CLASS = YES_ERROR;
				CLANG_WARN_UNREACHABLE_CODE = YES;
				CLANG_WARN__DUPLICATE_METHOD_MATCH = YES;
				"CODE_SIGN_IDENTITY[sdk=iphoneos*]" = "iPhone Developer";
				COPY_PHASE_STRIP = YES;
				ENABLE_NS_ASSERTIONS = NO;
				ENABLE_STRICT_OBJC_MSGSEND = YES;
				GCC_C_LANGUAGE_STANDARD = gnu99;
				GCC_WARN_64_TO_32_BIT_CONVERSION = YES;
				GCC_WARN_ABOUT_RETURN_TYPE = YES_ERROR;
				GCC_WARN_UNDECLARED_SELECTOR = YES;
				GCC_WARN_UNINITIALIZED_AUTOS = YES_AGGRESSIVE;
				GCC_WARN_UNUSED_FUNCTION = YES;
				GCC_WARN_UNUSED_VARIABLE = YES;
				IPHONEOS_DEPLOYMENT_TARGET = 8.0;
				MTL_ENABLE_DEBUG_INFO = NO;
				SDKROOT = iphoneos;
				TARGETED_DEVICE_FAMILY = "1,2";
				VALIDATE_PRODUCT = YES;
			};
			name = Release;
		};
		9DA995EE196DC02E00BBD8EF /* Debug */ = {
			isa = XCBuildConfiguration;
			buildSettings = {
				ASSETCATALOG_COMPILER_APPICON_NAME = AppIcon;
				ASSETCATALOG_COMPILER_LAUNCHIMAGE_NAME = LaunchImage;
				INFOPLIST_FILE = "Handling Timeouts in Asynchronous Connections/Info.plist";
				LD_RUNPATH_SEARCH_PATHS = "$(inherited) @executable_path/Frameworks";
				PRODUCT_NAME = "$(TARGET_NAME)";
			};
			name = Debug;
		};
		9DA995EF196DC02E00BBD8EF /* Release */ = {
			isa = XCBuildConfiguration;
			buildSettings = {
				ASSETCATALOG_COMPILER_APPICON_NAME = AppIcon;
				ASSETCATALOG_COMPILER_LAUNCHIMAGE_NAME = LaunchImage;
				INFOPLIST_FILE = "Handling Timeouts in Asynchronous Connections/Info.plist";
				LD_RUNPATH_SEARCH_PATHS = "$(inherited) @executable_path/Frameworks";
				PRODUCT_NAME = "$(TARGET_NAME)";
			};
			name = Release;
		};
		9DA995F1196DC02E00BBD8EF /* Debug */ = {
			isa = XCBuildConfiguration;
			buildSettings = {
				BUNDLE_LOADER = "$(BUILT_PRODUCTS_DIR)/Handling Timeouts in Asynchronous Connections.app/Handling Timeouts in Asynchronous Connections";
				FRAMEWORK_SEARCH_PATHS = (
					"$(SDKROOT)/Developer/Library/Frameworks",
					"$(inherited)",
				);
				GCC_PREPROCESSOR_DEFINITIONS = (
					"DEBUG=1",
					"$(inherited)",
				);
				INFOPLIST_FILE = "Handling Timeouts in Asynchronous ConnectionsTests/Info.plist";
				LD_RUNPATH_SEARCH_PATHS = "$(inherited) @executable_path/Frameworks @loader_path/Frameworks";
				PRODUCT_NAME = "$(TARGET_NAME)";
				TEST_HOST = "$(BUNDLE_LOADER)";
			};
			name = Debug;
		};
		9DA995F2196DC02E00BBD8EF /* Release */ = {
			isa = XCBuildConfiguration;
			buildSettings = {
				BUNDLE_LOADER = "$(BUILT_PRODUCTS_DIR)/Handling Timeouts in Asynchronous Connections.app/Handling Timeouts in Asynchronous Connections";
				FRAMEWORK_SEARCH_PATHS = (
					"$(SDKROOT)/Developer/Library/Frameworks",
					"$(inherited)",
				);
				INFOPLIST_FILE = "Handling Timeouts in Asynchronous ConnectionsTests/Info.plist";
				LD_RUNPATH_SEARCH_PATHS = "$(inherited) @executable_path/Frameworks @loader_path/Frameworks";
				PRODUCT_NAME = "$(TARGET_NAME)";
				TEST_HOST = "$(BUNDLE_LOADER)";
			};
			name = Release;
		};
/* End XCBuildConfiguration section */

/* Begin XCConfigurationList section */
		9DA995CC196DC02E00BBD8EF /* Build configuration list for PBXProject "Handling Timeouts in Asynchronous Connections" */ = {
			isa = XCConfigurationList;
			buildConfigurations = (
				9DA995EB196DC02E00BBD8EF /* Debug */,
				9DA995EC196DC02E00BBD8EF /* Release */,
			);
			defaultConfigurationIsVisible = 0;
			defaultConfigurationName = Release;
		};
		9DA995ED196DC02E00BBD8EF /* Build configuration list for PBXNativeTarget "Handling Timeouts in Asynchronous Connections" */ = {
			isa = XCConfigurationList;
			buildConfigurations = (
				9DA995EE196DC02E00BBD8EF /* Debug */,
				9DA995EF196DC02E00BBD8EF /* Release */,
			);
			defaultConfigurationIsVisible = 0;
		};
		9DA995F0196DC02E00BBD8EF /* Build configuration list for PBXNativeTarget "Handling Timeouts in Asynchronous ConnectionsTests" */ = {
			isa = XCConfigurationList;
			buildConfigurations = (
				9DA995F1196DC02E00BBD8EF /* Debug */,
				9DA995F2196DC02E00BBD8EF /* Release */,
			);
			defaultConfigurationIsVisible = 0;
		};
/* End XCConfigurationList section */
	};
	rootObject = 9DA995C9196DC02E00BBD8EF /* Project object */;
}
